PODS:
  - Firebase/AdMob (4.3.0):
    - Firebase/Core
    - Google-Mobile-Ads-SDK (= 7.24.1)
  - Firebase/Core (4.3.0):
    - FirebaseAnalytics (= 4.0.4)
    - FirebaseCore (= 4.0.8)
  - Firebase/Crash (4.3.0):
    - Firebase/Core
    - FirebaseCrash (= 2.0.2)
  - FirebaseAnalytics (4.0.4):
    - FirebaseCore (~> 4.0)
    - FirebaseInstanceID (~> 2.0)
    - GoogleToolboxForMac/NSData+zlib (~> 2.1)
    - nanopb (~> 0.3)
  - FirebaseCore (4.0.8):
    - GoogleToolboxForMac/NSData+zlib (~> 2.1)
    - nanopb (~> 0.3)
  - FirebaseCrash (2.0.2):
    - FirebaseAnalytics (~> 4.0)
    - FirebaseInstanceID (~> 2.0)
    - GoogleToolboxForMac/Logger (~> 2.1)
    - GoogleToolboxForMac/NSData+zlib (~> 2.1)
    - Protobuf (~> 3.1)
  - FirebaseInstanceID (2.0.4)
  - Google-Mobile-Ads-SDK (7.24.1)
  - GoogleToolboxForMac/Defines (2.1.1)
  - GoogleToolboxForMac/Logger (2.1.1):
    - GoogleToolboxForMac/Defines (= 2.1.1)
  - GoogleToolboxForMac/NSData+zlib (2.1.1):
    - GoogleToolboxForMac/Defines (= 2.1.1)
  - nanopb (0.3.8):
    - nanopb/decode (= 0.3.8)
    - nanopb/encode (= 0.3.8)
  - nanopb/decode (0.3.8)
  - nanopb/encode (0.3.8)
  - Protobuf (3.4.0)

DEPENDENCIES:
  - Firebase/AdMob
  - Firebase/Core
  - Firebase/Crash

SPEC CHECKSUMS:
  Firebase: 83283761a1ef6dc9846e03d08059f51421afbd65
  FirebaseAnalytics: 722b53c7b32bfc7806b06e0093a2f5180d4f2c5a
  FirebaseCore: 69b1a5ac5f857ba6d5fd9d5fe794f4786dd5e579
  FirebaseCrash: cded0fc566c03651aea606a101bc156085f333ca
  FirebaseInstanceID: 70c2b877e9338971b2429ea5a4293df6961aa44e
  Google-Mobile-Ads-SDK: ed8004a7265b424568dc84f3d2bbe3ea3fff958f
  GoogleToolboxForMac: 8e329f1b599f2512c6b10676d45736bcc2cbbeb0
  nanopb: 5601e6bca2dbf1ed831b519092ec110f66982ca3
  Protobuf: 03eef2ee0b674770735cf79d9c4d3659cf6908e8

PODFILE CHECKSUM: 3fb90e97fd2498d683abaaa0e5ffcb2ff866b5bc

COCOAPODS: 1.1.1
