// !$*UTF8*$!
{
	archiveVersion = 1;
	classes = {
	};
	objectVersion = 46;
	objects = {

/* Begin PBXBuildFile section */
		523741951CD9E03A00FE3C72 /* Alamofire.framework in Frameworks */ = {isa = PBXBuildFile; fileRef = 523741941CD9E03A00FE3C72 /* Alamofire.framework */; };
		523741971CD9E03E00FE3C72 /* SwiftyJSON.framework in Frameworks */ = {isa = PBXBuildFile; fileRef = 523741961CD9E03E00FE3C72 /* SwiftyJSON.framework */; };
		52471A911CD9AF2F006865C6 /* AppDelegate.swift in Sources */ = {isa = PBXBuildFile; fileRef = 52471A901CD9AF2F006865C6 /* AppDelegate.swift */; };
		52471A961CD9AF2F006865C6 /* Main.storyboard in Resources */ = {isa = PBXBuildFile; fileRef = 52471A941CD9AF2F006865C6 /* Main.storyboard */; };
		52471A981CD9AF2F006865C6 /* Assets.xcassets in Resources */ = {isa = PBXBuildFile; fileRef = 52471A971CD9AF2F006865C6 /* Assets.xcassets */; };
		52471A9B1CD9AF2F006865C6 /* LaunchScreen.storyboard in Resources */ = {isa = PBXBuildFile; fileRef = 52471A991CD9AF2F006865C6 /* LaunchScreen.storyboard */; };
		524C29E91CD9B73300A9B40E /* ArticleListViewController.swift in Sources */ = {isa = PBXBuildFile; fileRef = 524C29E81CD9B73300A9B40E /* ArticleListViewController.swift */; };
		5290851A1CD9CF5700ED7434 /* APIClient.swift in Sources */ = {isa = PBXBuildFile; fileRef = 529085191CD9CF5700ED7434 /* APIClient.swift */; };
		52D86FDC1CDDE0DB00606614 /* WebViewController.swift in Sources */ = {isa = PBXBuildFile; fileRef = 52D86FDB1CDDE0DB00606614 /* WebViewController.swift */; };
		9AEB7ACA3720EAE3CBB4ED44 /* Pods_qiitareader.framework in Frameworks */ = {isa = PBXBuildFile; fileRef = D66A5CC6C10C0112CD6EBAD2 /* Pods_qiitareader.framework */; };
/* End PBXBuildFile section */

/* Begin PBXContainerItemProxy section */
		528737971CD9DC950020BFEF /* PBXContainerItemProxy */ = {
			isa = PBXContainerItemProxy;
			containerPortal = 528737491CD9DC950020BFEF /* Pods.xcodeproj */;
			proxyType = 2;
			remoteGlobalIDString = 6BE5E4C6BF42908B41C16264E37AEB22;
			remoteInfo = Alamofire;
		};
		528737991CD9DC950020BFEF /* PBXContainerItemProxy */ = {
			isa = PBXContainerItemProxy;
			containerPortal = 528737491CD9DC950020BFEF /* Pods.xcodeproj */;
			proxyType = 2;
			remoteGlobalIDString = 22BE778D2CBF416C8FCD12C28896633C;
			remoteInfo = Pods;
		};
		5287379B1CD9DC950020BFEF /* PBXContainerItemProxy */ = {
			isa = PBXContainerItemProxy;
			containerPortal = 528737491CD9DC950020BFEF /* Pods.xcodeproj */;
			proxyType = 2;
			remoteGlobalIDString = 9F04B3E1546C8EDEECCD0B2C10FB0EE6;
			remoteInfo = SwiftyJSON;
		};
/* End PBXContainerItemProxy section */

/* Begin PBXFileReference section */
		523741941CD9E03A00FE3C72 /* Alamofire.framework */ = {isa = PBXFileReference; lastKnownFileType = wrapper.framework; name = Alamofire.framework; path = "Build/Products/Debug-iphonesimulator/Alamofire/Alamofire.framework"; sourceTree = "<group>"; };
		523741961CD9E03E00FE3C72 /* SwiftyJSON.framework */ = {isa = PBXFileReference; lastKnownFileType = wrapper.framework; name = SwiftyJSON.framework; path = "Build/Products/Debug-iphonesimulator/SwiftyJSON/SwiftyJSON.framework"; sourceTree = "<group>"; };
		52471A8D1CD9AF2E006865C6 /* qiitareader.app */ = {isa = PBXFileReference; explicitFileType = wrapper.application; includeInIndex = 0; path = qiitareader.app; sourceTree = BUILT_PRODUCTS_DIR; };
		52471A901CD9AF2F006865C6 /* AppDelegate.swift */ = {isa = PBXFileReference; lastKnownFileType = sourcecode.swift; path = AppDelegate.swift; sourceTree = "<group>"; };
		52471A951CD9AF2F006865C6 /* Base */ = {isa = PBXFileReference; lastKnownFileType = file.storyboard; name = Base; path = Base.lproj/Main.storyboard; sourceTree = "<group>"; };
		52471A971CD9AF2F006865C6 /* Assets.xcassets */ = {isa = PBXFileReference; lastKnownFileType = folder.assetcatalog; path = Assets.xcassets; sourceTree = "<group>"; };
		52471A9A1CD9AF2F006865C6 /* Base */ = {isa = PBXFileReference; lastKnownFileType = file.storyboard; name = Base; path = Base.lproj/LaunchScreen.storyboard; sourceTree = "<group>"; };
		52471A9C1CD9AF2F006865C6 /* Info.plist */ = {isa = PBXFileReference; lastKnownFileType = text.plist.xml; path = Info.plist; sourceTree = "<group>"; };
		524C29E81CD9B73300A9B40E /* ArticleListViewController.swift */ = {isa = PBXFileReference; fileEncoding = 4; lastKnownFileType = sourcecode.swift; path = ArticleListViewController.swift; sourceTree = "<group>"; };
		5287372C1CD9DC950020BFEF /* LICENSE */ = {isa = PBXFileReference; fileEncoding = 4; lastKnownFileType = text; path = LICENSE; sourceTree = "<group>"; };
		5287372D1CD9DC950020BFEF /* README.md */ = {isa = PBXFileReference; fileEncoding = 4; lastKnownFileType = net.daringfireball.markdown; path = README.md; sourceTree = "<group>"; };
		5287372F1CD9DC950020BFEF /* Alamofire.swift */ = {isa = PBXFileReference; fileEncoding = 4; lastKnownFileType = sourcecode.swift; path = Alamofire.swift; sourceTree = "<group>"; };
		528737301CD9DC950020BFEF /* Download.swift */ = {isa = PBXFileReference; fileEncoding = 4; lastKnownFileType = sourcecode.swift; path = Download.swift; sourceTree = "<group>"; };
		528737311CD9DC950020BFEF /* Error.swift */ = {isa = PBXFileReference; fileEncoding = 4; lastKnownFileType = sourcecode.swift; path = Error.swift; sourceTree = "<group>"; };
		528737321CD9DC950020BFEF /* Manager.swift */ = {isa = PBXFileReference; fileEncoding = 4; lastKnownFileType = sourcecode.swift; path = Manager.swift; sourceTree = "<group>"; };
		528737331CD9DC950020BFEF /* MultipartFormData.swift */ = {isa = PBXFileReference; fileEncoding = 4; lastKnownFileType = sourcecode.swift; path = MultipartFormData.swift; sourceTree = "<group>"; };
		528737341CD9DC950020BFEF /* NetworkReachabilityManager.swift */ = {isa = PBXFileReference; fileEncoding = 4; lastKnownFileType = sourcecode.swift; path = NetworkReachabilityManager.swift; sourceTree = "<group>"; };
		528737351CD9DC950020BFEF /* Notifications.swift */ = {isa = PBXFileReference; fileEncoding = 4; lastKnownFileType = sourcecode.swift; path = Notifications.swift; sourceTree = "<group>"; };
		528737361CD9DC950020BFEF /* ParameterEncoding.swift */ = {isa = PBXFileReference; fileEncoding = 4; lastKnownFileType = sourcecode.swift; path = ParameterEncoding.swift; sourceTree = "<group>"; };
		528737371CD9DC950020BFEF /* Request.swift */ = {isa = PBXFileReference; fileEncoding = 4; lastKnownFileType = sourcecode.swift; path = Request.swift; sourceTree = "<group>"; };
		528737381CD9DC950020BFEF /* Response.swift */ = {isa = PBXFileReference; fileEncoding = 4; lastKnownFileType = sourcecode.swift; path = Response.swift; sourceTree = "<group>"; };
		528737391CD9DC950020BFEF /* ResponseSerialization.swift */ = {isa = PBXFileReference; fileEncoding = 4; lastKnownFileType = sourcecode.swift; path = ResponseSerialization.swift; sourceTree = "<group>"; };
		5287373A1CD9DC950020BFEF /* Result.swift */ = {isa = PBXFileReference; fileEncoding = 4; lastKnownFileType = sourcecode.swift; path = Result.swift; sourceTree = "<group>"; };
		5287373B1CD9DC950020BFEF /* ServerTrustPolicy.swift */ = {isa = PBXFileReference; fileEncoding = 4; lastKnownFileType = sourcecode.swift; path = ServerTrustPolicy.swift; sourceTree = "<group>"; };
		5287373C1CD9DC950020BFEF /* Stream.swift */ = {isa = PBXFileReference; fileEncoding = 4; lastKnownFileType = sourcecode.swift; path = Stream.swift; sourceTree = "<group>"; };
		5287373D1CD9DC950020BFEF /* Timeline.swift */ = {isa = PBXFileReference; fileEncoding = 4; lastKnownFileType = sourcecode.swift; path = Timeline.swift; sourceTree = "<group>"; };
		5287373E1CD9DC950020BFEF /* Upload.swift */ = {isa = PBXFileReference; fileEncoding = 4; lastKnownFileType = sourcecode.swift; path = Upload.swift; sourceTree = "<group>"; };
		5287373F1CD9DC950020BFEF /* Validation.swift */ = {isa = PBXFileReference; fileEncoding = 4; lastKnownFileType = sourcecode.swift; path = Validation.swift; sourceTree = "<group>"; };
		528737411CD9DC950020BFEF /* LICENSE */ = {isa = PBXFileReference; fileEncoding = 4; lastKnownFileType = text; path = LICENSE; sourceTree = "<group>"; };
		528737421CD9DC950020BFEF /* README.md */ = {isa = PBXFileReference; fileEncoding = 4; lastKnownFileType = net.daringfireball.markdown; path = README.md; sourceTree = "<group>"; };
		528737441CD9DC950020BFEF /* Alamofire-SwiftyJSON.swift */ = {isa = PBXFileReference; fileEncoding = 4; lastKnownFileType = sourcecode.swift; path = "Alamofire-SwiftyJSON.swift"; sourceTree = "<group>"; };
		528737471CD9DC950020BFEF /* Alamofire-SwiftyJSON.podspec.json */ = {isa = PBXFileReference; fileEncoding = 4; lastKnownFileType = text.json; path = "Alamofire-SwiftyJSON.podspec.json"; sourceTree = "<group>"; };
		528737481CD9DC950020BFEF /* Manifest.lock */ = {isa = PBXFileReference; fileEncoding = 4; lastKnownFileType = text; path = Manifest.lock; sourceTree = "<group>"; };
		528737491CD9DC950020BFEF /* Pods.xcodeproj */ = {isa = PBXFileReference; lastKnownFileType = "wrapper.pb-project"; path = Pods.xcodeproj; sourceTree = "<group>"; };
		5287374D1CD9DC950020BFEF /* LICENSE */ = {isa = PBXFileReference; fileEncoding = 4; lastKnownFileType = text; path = LICENSE; sourceTree = "<group>"; };
		5287374E1CD9DC950020BFEF /* README.md */ = {isa = PBXFileReference; fileEncoding = 4; lastKnownFileType = net.daringfireball.markdown; path = README.md; sourceTree = "<group>"; };
		528737501CD9DC950020BFEF /* SwiftyJSON.swift */ = {isa = PBXFileReference; fileEncoding = 4; lastKnownFileType = sourcecode.swift; path = SwiftyJSON.swift; sourceTree = "<group>"; };
		528737531CD9DC950020BFEF /* Alamofire-dummy.m */ = {isa = PBXFileReference; fileEncoding = 4; lastKnownFileType = sourcecode.c.objc; path = "Alamofire-dummy.m"; sourceTree = "<group>"; };
		528737541CD9DC950020BFEF /* Alamofire-prefix.pch */ = {isa = PBXFileReference; fileEncoding = 4; lastKnownFileType = sourcecode.c.h; path = "Alamofire-prefix.pch"; sourceTree = "<group>"; };
		528737551CD9DC950020BFEF /* Alamofire-umbrella.h */ = {isa = PBXFileReference; fileEncoding = 4; lastKnownFileType = sourcecode.c.h; path = "Alamofire-umbrella.h"; sourceTree = "<group>"; };
		528737561CD9DC950020BFEF /* Alamofire.modulemap */ = {isa = PBXFileReference; fileEncoding = 4; lastKnownFileType = "sourcecode.module-map"; path = Alamofire.modulemap; sourceTree = "<group>"; };
		528737571CD9DC950020BFEF /* Alamofire.xcconfig */ = {isa = PBXFileReference; fileEncoding = 4; lastKnownFileType = text.xcconfig; path = Alamofire.xcconfig; sourceTree = "<group>"; };
		528737581CD9DC950020BFEF /* Info.plist */ = {isa = PBXFileReference; fileEncoding = 4; lastKnownFileType = text.plist.xml; path = Info.plist; sourceTree = "<group>"; };
		5287375A1CD9DC950020BFEF /* Info.plist */ = {isa = PBXFileReference; fileEncoding = 4; lastKnownFileType = text.plist.xml; path = Info.plist; sourceTree = "<group>"; };
		5287375B1CD9DC950020BFEF /* Pods-acknowledgements.markdown */ = {isa = PBXFileReference; fileEncoding = 4; lastKnownFileType = net.daringfireball.markdown; path = "Pods-acknowledgements.markdown"; sourceTree = "<group>"; };
		5287375C1CD9DC950020BFEF /* Pods-acknowledgements.plist */ = {isa = PBXFileReference; fileEncoding = 4; lastKnownFileType = text.plist.xml; path = "Pods-acknowledgements.plist"; sourceTree = "<group>"; };
		5287375D1CD9DC950020BFEF /* Pods-dummy.m */ = {isa = PBXFileReference; fileEncoding = 4; lastKnownFileType = sourcecode.c.objc; path = "Pods-dummy.m"; sourceTree = "<group>"; };
		5287375E1CD9DC950020BFEF /* Pods-frameworks.sh */ = {isa = PBXFileReference; fileEncoding = 4; lastKnownFileType = text.script.sh; path = "Pods-frameworks.sh"; sourceTree = "<group>"; };
		5287375F1CD9DC950020BFEF /* Pods-resources.sh */ = {isa = PBXFileReference; fileEncoding = 4; lastKnownFileType = text.script.sh; path = "Pods-resources.sh"; sourceTree = "<group>"; };
		528737601CD9DC950020BFEF /* Pods-umbrella.h */ = {isa = PBXFileReference; fileEncoding = 4; lastKnownFileType = sourcecode.c.h; path = "Pods-umbrella.h"; sourceTree = "<group>"; };
		528737611CD9DC950020BFEF /* Pods.debug.xcconfig */ = {isa = PBXFileReference; fileEncoding = 4; lastKnownFileType = text.xcconfig; path = Pods.debug.xcconfig; sourceTree = "<group>"; };
		528737621CD9DC950020BFEF /* Pods.modulemap */ = {isa = PBXFileReference; fileEncoding = 4; lastKnownFileType = "sourcecode.module-map"; path = Pods.modulemap; sourceTree = "<group>"; };
		528737631CD9DC950020BFEF /* Pods.release.xcconfig */ = {isa = PBXFileReference; fileEncoding = 4; lastKnownFileType = text.xcconfig; path = Pods.release.xcconfig; sourceTree = "<group>"; };
		528737651CD9DC950020BFEF /* Info.plist */ = {isa = PBXFileReference; fileEncoding = 4; lastKnownFileType = text.plist.xml; path = Info.plist; sourceTree = "<group>"; };
		528737661CD9DC950020BFEF /* SwiftyJSON-dummy.m */ = {isa = PBXFileReference; fileEncoding = 4; lastKnownFileType = sourcecode.c.objc; path = "SwiftyJSON-dummy.m"; sourceTree = "<group>"; };
		528737671CD9DC950020BFEF /* SwiftyJSON-prefix.pch */ = {isa = PBXFileReference; fileEncoding = 4; lastKnownFileType = sourcecode.c.h; path = "SwiftyJSON-prefix.pch"; sourceTree = "<group>"; };
		528737681CD9DC950020BFEF /* SwiftyJSON-umbrella.h */ = {isa = PBXFileReference; fileEncoding = 4; lastKnownFileType = sourcecode.c.h; path = "SwiftyJSON-umbrella.h"; sourceTree = "<group>"; };
		528737691CD9DC950020BFEF /* SwiftyJSON.modulemap */ = {isa = PBXFileReference; fileEncoding = 4; lastKnownFileType = "sourcecode.module-map"; path = SwiftyJSON.modulemap; sourceTree = "<group>"; };
		5287376A1CD9DC950020BFEF /* SwiftyJSON.xcconfig */ = {isa = PBXFileReference; fileEncoding = 4; lastKnownFileType = text.xcconfig; path = SwiftyJSON.xcconfig; sourceTree = "<group>"; };
		529085191CD9CF5700ED7434 /* APIClient.swift */ = {isa = PBXFileReference; fileEncoding = 4; lastKnownFileType = sourcecode.swift; path = APIClient.swift; sourceTree = "<group>"; };
		52D86FDB1CDDE0DB00606614 /* WebViewController.swift */ = {isa = PBXFileReference; fileEncoding = 4; lastKnownFileType = sourcecode.swift; path = WebViewController.swift; sourceTree = "<group>"; };
		59A95AFB59F6F713D7B3BD57 /* Pods-qiitareader.debug.xcconfig */ = {isa = PBXFileReference; includeInIndex = 1; lastKnownFileType = text.xcconfig; name = "Pods-qiitareader.debug.xcconfig"; path = "Pods/Target Support Files/Pods-qiitareader/Pods-qiitareader.debug.xcconfig"; sourceTree = "<group>"; };
		6F23255C9CDF5E6DC0920870 /* Pods.framework */ = {isa = PBXFileReference; explicitFileType = wrapper.framework; includeInIndex = 0; path = Pods.framework; sourceTree = BUILT_PRODUCTS_DIR; };
		D099A7D6A6B2AD2C49A5D14A /* Pods-qiitareader.release.xcconfig */ = {isa = PBXFileReference; includeInIndex = 1; lastKnownFileType = text.xcconfig; name = "Pods-qiitareader.release.xcconfig"; path = "Pods/Target Support Files/Pods-qiitareader/Pods-qiitareader.release.xcconfig"; sourceTree = "<group>"; };
		D66A5CC6C10C0112CD6EBAD2 /* Pods_qiitareader.framework */ = {isa = PBXFileReference; explicitFileType = wrapper.framework; includeInIndex = 0; path = Pods_qiitareader.framework; sourceTree = BUILT_PRODUCTS_DIR; };
/* End PBXFileReference section */

/* Begin PBXFrameworksBuildPhase section */
		52471A8A1CD9AF2E006865C6 /* Frameworks */ = {
			isa = PBXFrameworksBuildPhase;
			buildActionMask = 2147483647;
			files = (
				523741971CD9E03E00FE3C72 /* SwiftyJSON.framework in Frameworks */,
				523741951CD9E03A00FE3C72 /* Alamofire.framework in Frameworks */,
				9AEB7ACA3720EAE3CBB4ED44 /* Pods_qiitareader.framework in Frameworks */,
			);
			runOnlyForDeploymentPostprocessing = 0;
		};
/* End PBXFrameworksBuildPhase section */

/* Begin PBXGroup section */
		19989F1DB404BCE9479B50AF /* Frameworks */ = {
			isa = PBXGroup;
			children = (
				523741961CD9E03E00FE3C72 /* SwiftyJSON.framework */,
				523741941CD9E03A00FE3C72 /* Alamofire.framework */,
				5287372A1CD9DC950020BFEF /* Pods */,
				6F23255C9CDF5E6DC0920870 /* Pods.framework */,
				D66A5CC6C10C0112CD6EBAD2 /* Pods_qiitareader.framework */,
			);
			name = Frameworks;
			sourceTree = "<group>";
		};
		52471A841CD9AF2E006865C6 = {
			isa = PBXGroup;
			children = (
				52471A8F1CD9AF2F006865C6 /* qiitareader */,
				52471A8E1CD9AF2E006865C6 /* Products */,
				19989F1DB404BCE9479B50AF /* Frameworks */,
				D21971F7442B85EB240F1FC9 /* Pods */,
			);
			sourceTree = "<group>";
		};
		52471A8E1CD9AF2E006865C6 /* Products */ = {
			isa = PBXGroup;
			children = (
				52471A8D1CD9AF2E006865C6 /* qiitareader.app */,
			);
			name = Products;
			sourceTree = "<group>";
		};
		52471A8F1CD9AF2F006865C6 /* qiitareader */ = {
			isa = PBXGroup;
			children = (
				529EE5921CDCC9A70066F06B /* Views */,
				524C29E81CD9B73300A9B40E /* ArticleListViewController.swift */,
				529085191CD9CF5700ED7434 /* APIClient.swift */,
				52471A901CD9AF2F006865C6 /* AppDelegate.swift */,
				52471A941CD9AF2F006865C6 /* Main.storyboard */,
				52D86FDB1CDDE0DB00606614 /* WebViewController.swift */,
				52471A971CD9AF2F006865C6 /* Assets.xcassets */,
				52471A991CD9AF2F006865C6 /* LaunchScreen.storyboard */,
				52471A9C1CD9AF2F006865C6 /* Info.plist */,
			);
			path = qiitareader;
			sourceTree = "<group>";
		};
		5287372A1CD9DC950020BFEF /* Pods */ = {
			isa = PBXGroup;
			children = (
				5287372B1CD9DC950020BFEF /* Alamofire */,
				528737401CD9DC950020BFEF /* Alamofire-SwiftyJSON */,
				528737451CD9DC950020BFEF /* Headers */,
				528737461CD9DC950020BFEF /* Local Podspecs */,
				528737481CD9DC950020BFEF /* Manifest.lock */,
				528737491CD9DC950020BFEF /* Pods.xcodeproj */,
				5287374C1CD9DC950020BFEF /* SwiftyJSON */,
				528737511CD9DC950020BFEF /* Target Support Files */,
			);
			name = Pods;
			path = ../../.Trash/Pods;
			sourceTree = "<group>";
		};
		5287372B1CD9DC950020BFEF /* Alamofire */ = {
			isa = PBXGroup;
			children = (
				5287372C1CD9DC950020BFEF /* LICENSE */,
				5287372D1CD9DC950020BFEF /* README.md */,
				5287372E1CD9DC950020BFEF /* Source */,
			);
			path = Alamofire;
			sourceTree = "<group>";
		};
		5287372E1CD9DC950020BFEF /* Source */ = {
			isa = PBXGroup;
			children = (
				5287372F1CD9DC950020BFEF /* Alamofire.swift */,
				528737301CD9DC950020BFEF /* Download.swift */,
				528737311CD9DC950020BFEF /* Error.swift */,
				528737321CD9DC950020BFEF /* Manager.swift */,
				528737331CD9DC950020BFEF /* MultipartFormData.swift */,
				528737341CD9DC950020BFEF /* NetworkReachabilityManager.swift */,
				528737351CD9DC950020BFEF /* Notifications.swift */,
				528737361CD9DC950020BFEF /* ParameterEncoding.swift */,
				528737371CD9DC950020BFEF /* Request.swift */,
				528737381CD9DC950020BFEF /* Response.swift */,
				528737391CD9DC950020BFEF /* ResponseSerialization.swift */,
				5287373A1CD9DC950020BFEF /* Result.swift */,
				5287373B1CD9DC950020BFEF /* ServerTrustPolicy.swift */,
				5287373C1CD9DC950020BFEF /* Stream.swift */,
				5287373D1CD9DC950020BFEF /* Timeline.swift */,
				5287373E1CD9DC950020BFEF /* Upload.swift */,
				5287373F1CD9DC950020BFEF /* Validation.swift */,
			);
			path = Source;
			sourceTree = "<group>";
		};
		528737401CD9DC950020BFEF /* Alamofire-SwiftyJSON */ = {
			isa = PBXGroup;
			children = (
				528737411CD9DC950020BFEF /* LICENSE */,
				528737421CD9DC950020BFEF /* README.md */,
				528737431CD9DC950020BFEF /* Source */,
			);
			path = "Alamofire-SwiftyJSON";
			sourceTree = "<group>";
		};
		528737431CD9DC950020BFEF /* Source */ = {
			isa = PBXGroup;
			children = (
				528737441CD9DC950020BFEF /* Alamofire-SwiftyJSON.swift */,
			);
			path = Source;
			sourceTree = "<group>";
		};
		528737451CD9DC950020BFEF /* Headers */ = {
			isa = PBXGroup;
			children = (
			);
			path = Headers;
			sourceTree = "<group>";
		};
		528737461CD9DC950020BFEF /* Local Podspecs */ = {
			isa = PBXGroup;
			children = (
				528737471CD9DC950020BFEF /* Alamofire-SwiftyJSON.podspec.json */,
			);
			path = "Local Podspecs";
			sourceTree = "<group>";
		};
		5287374A1CD9DC950020BFEF /* Products */ = {
			isa = PBXGroup;
			children = (
				528737981CD9DC950020BFEF /* Alamofire.framework */,
				5287379A1CD9DC950020BFEF /* Pods.framework */,
				5287379C1CD9DC950020BFEF /* SwiftyJSON.framework */,
			);
			name = Products;
			sourceTree = "<group>";
		};
		5287374C1CD9DC950020BFEF /* SwiftyJSON */ = {
			isa = PBXGroup;
			children = (
				5287374D1CD9DC950020BFEF /* LICENSE */,
				5287374E1CD9DC950020BFEF /* README.md */,
				5287374F1CD9DC950020BFEF /* Source */,
			);
			path = SwiftyJSON;
			sourceTree = "<group>";
		};
		5287374F1CD9DC950020BFEF /* Source */ = {
			isa = PBXGroup;
			children = (
				528737501CD9DC950020BFEF /* SwiftyJSON.swift */,
			);
			path = Source;
			sourceTree = "<group>";
		};
		528737511CD9DC950020BFEF /* Target Support Files */ = {
			isa = PBXGroup;
			children = (
				528737521CD9DC950020BFEF /* Alamofire */,
				528737591CD9DC950020BFEF /* Pods */,
				528737641CD9DC950020BFEF /* SwiftyJSON */,
			);
			path = "Target Support Files";
			sourceTree = "<group>";
		};
		528737521CD9DC950020BFEF /* Alamofire */ = {
			isa = PBXGroup;
			children = (
				528737531CD9DC950020BFEF /* Alamofire-dummy.m */,
				528737541CD9DC950020BFEF /* Alamofire-prefix.pch */,
				528737551CD9DC950020BFEF /* Alamofire-umbrella.h */,
				528737561CD9DC950020BFEF /* Alamofire.modulemap */,
				528737571CD9DC950020BFEF /* Alamofire.xcconfig */,
				528737581CD9DC950020BFEF /* Info.plist */,
			);
			path = Alamofire;
			sourceTree = "<group>";
		};
		528737591CD9DC950020BFEF /* Pods */ = {
			isa = PBXGroup;
			children = (
				5287375A1CD9DC950020BFEF /* Info.plist */,
				5287375B1CD9DC950020BFEF /* Pods-acknowledgements.markdown */,
				5287375C1CD9DC950020BFEF /* Pods-acknowledgements.plist */,
				5287375D1CD9DC950020BFEF /* Pods-dummy.m */,
				5287375E1CD9DC950020BFEF /* Pods-frameworks.sh */,
				5287375F1CD9DC950020BFEF /* Pods-resources.sh */,
				528737601CD9DC950020BFEF /* Pods-umbrella.h */,
				528737611CD9DC950020BFEF /* Pods.debug.xcconfig */,
				528737621CD9DC950020BFEF /* Pods.modulemap */,
				528737631CD9DC950020BFEF /* Pods.release.xcconfig */,
			);
			path = Pods;
			sourceTree = "<group>";
		};
		528737641CD9DC950020BFEF /* SwiftyJSON */ = {
			isa = PBXGroup;
			children = (
				528737651CD9DC950020BFEF /* Info.plist */,
				528737661CD9DC950020BFEF /* SwiftyJSON-dummy.m */,
				528737671CD9DC950020BFEF /* SwiftyJSON-prefix.pch */,
				528737681CD9DC950020BFEF /* SwiftyJSON-umbrella.h */,
				528737691CD9DC950020BFEF /* SwiftyJSON.modulemap */,
				5287376A1CD9DC950020BFEF /* SwiftyJSON.xcconfig */,
			);
			path = SwiftyJSON;
			sourceTree = "<group>";
		};
		529EE5921CDCC9A70066F06B /* Views */ = {
			isa = PBXGroup;
			children = (
			);
			name = Views;
			path = ..;
			sourceTree = "<group>";
		};
		D21971F7442B85EB240F1FC9 /* Pods */ = {
			isa = PBXGroup;
			children = (
				59A95AFB59F6F713D7B3BD57 /* Pods-qiitareader.debug.xcconfig */,
				D099A7D6A6B2AD2C49A5D14A /* Pods-qiitareader.release.xcconfig */,
			);
			name = Pods;
			sourceTree = "<group>";
		};
/* End PBXGroup section */

/* Begin PBXNativeTarget section */
		52471A8C1CD9AF2E006865C6 /* qiitareader */ = {
			isa = PBXNativeTarget;
			buildConfigurationList = 52471A9F1CD9AF2F006865C6 /* Build configuration list for PBXNativeTarget "qiitareader" */;
			buildPhases = (
				F79A1D8321A44E0D12CC1E0F /* 📦 Check Pods Manifest.lock */,
				52471A891CD9AF2E006865C6 /* Sources */,
				52471A8A1CD9AF2E006865C6 /* Frameworks */,
				52471A8B1CD9AF2E006865C6 /* Resources */,
				D1233591E0CDA1B19F57F825 /* 📦 Embed Pods Frameworks */,
				B2555ACDFB991AC960942B8D /* 📦 Copy Pods Resources */,
			);
			buildRules = (
			);
			dependencies = (
			);
			name = qiitareader;
			productName = qiitareader;
			productReference = 52471A8D1CD9AF2E006865C6 /* qiitareader.app */;
			productType = "com.apple.product-type.application";
		};
/* End PBXNativeTarget section */

/* Begin PBXProject section */
		52471A851CD9AF2E006865C6 /* Project object */ = {
			isa = PBXProject;
			attributes = {
				LastSwiftUpdateCheck = 0730;
				LastUpgradeCheck = 0730;
				ORGANIZATIONNAME = hiroshings;
				TargetAttributes = {
					52471A8C1CD9AF2E006865C6 = {
						CreatedOnToolsVersion = 7.3;
					};
				};
			};
			buildConfigurationList = 52471A881CD9AF2E006865C6 /* Build configuration list for PBXProject "qiitareader" */;
			compatibilityVersion = "Xcode 3.2";
			developmentRegion = English;
			hasScannedForEncodings = 0;
			knownRegions = (
				en,
				Base,
			);
			mainGroup = 52471A841CD9AF2E006865C6;
			productRefGroup = 52471A8E1CD9AF2E006865C6 /* Products */;
			projectDirPath = "";
			projectReferences = (
				{
					ProductGroup = 5287374A1CD9DC950020BFEF /* Products */;
					ProjectRef = 528737491CD9DC950020BFEF /* Pods.xcodeproj */;
				},
			);
			projectRoot = "";
			targets = (
				52471A8C1CD9AF2E006865C6 /* qiitareader */,
			);
		};
/* End PBXProject section */

/* Begin PBXReferenceProxy section */
		528737981CD9DC950020BFEF /* Alamofire.framework */ = {
			isa = PBXReferenceProxy;
			fileType = wrapper.framework;
			path = Alamofire.framework;
			remoteRef = 528737971CD9DC950020BFEF /* PBXContainerItemProxy */;
			sourceTree = BUILT_PRODUCTS_DIR;
		};
		5287379A1CD9DC950020BFEF /* Pods.framework */ = {
			isa = PBXReferenceProxy;
			fileType = wrapper.framework;
			path = Pods.framework;
			remoteRef = 528737991CD9DC950020BFEF /* PBXContainerItemProxy */;
			sourceTree = BUILT_PRODUCTS_DIR;
		};
		5287379C1CD9DC950020BFEF /* SwiftyJSON.framework */ = {
			isa = PBXReferenceProxy;
			fileType = wrapper.framework;
			path = SwiftyJSON.framework;
			remoteRef = 5287379B1CD9DC950020BFEF /* PBXContainerItemProxy */;
			sourceTree = BUILT_PRODUCTS_DIR;
		};
/* End PBXReferenceProxy section */

/* Begin PBXResourcesBuildPhase section */
		52471A8B1CD9AF2E006865C6 /* Resources */ = {
			isa = PBXResourcesBuildPhase;
			buildActionMask = 2147483647;
			files = (
				52471A9B1CD9AF2F006865C6 /* LaunchScreen.storyboard in Resources */,
				52471A981CD9AF2F006865C6 /* Assets.xcassets in Resources */,
				52471A961CD9AF2F006865C6 /* Main.storyboard in Resources */,
			);
			runOnlyForDeploymentPostprocessing = 0;
		};
/* End PBXResourcesBuildPhase section */

/* Begin PBXShellScriptBuildPhase section */
		B2555ACDFB991AC960942B8D /* 📦 Copy Pods Resources */ = {
			isa = PBXShellScriptBuildPhase;
			buildActionMask = 2147483647;
			files = (
			);
			inputPaths = (
			);
			name = "📦 Copy Pods Resources";
			outputPaths = (
			);
			runOnlyForDeploymentPostprocessing = 0;
			shellPath = /bin/sh;
			shellScript = "\"${SRCROOT}/Pods/Target Support Files/Pods-qiitareader/Pods-qiitareader-resources.sh\"\n";
			showEnvVarsInLog = 0;
		};
		D1233591E0CDA1B19F57F825 /* 📦 Embed Pods Frameworks */ = {
			isa = PBXShellScriptBuildPhase;
			buildActionMask = 2147483647;
			files = (
			);
			inputPaths = (
			);
			name = "📦 Embed Pods Frameworks";
			outputPaths = (
			);
			runOnlyForDeploymentPostprocessing = 0;
			shellPath = /bin/sh;
			shellScript = "\"${SRCROOT}/Pods/Target Support Files/Pods-qiitareader/Pods-qiitareader-frameworks.sh\"\n";
			showEnvVarsInLog = 0;
		};
		F79A1D8321A44E0D12CC1E0F /* 📦 Check Pods Manifest.lock */ = {
			isa = PBXShellScriptBuildPhase;
			buildActionMask = 2147483647;
			files = (
			);
			inputPaths = (
			);
			name = "📦 Check Pods Manifest.lock";
			outputPaths = (
			);
			runOnlyForDeploymentPostprocessing = 0;
			shellPath = /bin/sh;
			shellScript = "diff \"${PODS_ROOT}/../Podfile.lock\" \"${PODS_ROOT}/Manifest.lock\" > /dev/null\nif [[ $? != 0 ]] ; then\n    cat << EOM\nerror: The sandbox is not in sync with the Podfile.lock. Run 'pod install' or update your CocoaPods installation.\nEOM\n    exit 1\nfi\n";
			showEnvVarsInLog = 0;
		};
/* End PBXShellScriptBuildPhase section */

/* Begin PBXSourcesBuildPhase section */
		52471A891CD9AF2E006865C6 /* Sources */ = {
			isa = PBXSourcesBuildPhase;
			buildActionMask = 2147483647;
			files = (
				52471A911CD9AF2F006865C6 /* AppDelegate.swift in Sources */,
				524C29E91CD9B73300A9B40E /* ArticleListViewController.swift in Sources */,
				5290851A1CD9CF5700ED7434 /* APIClient.swift in Sources */,
				52D86FDC1CDDE0DB00606614 /* WebViewController.swift in Sources */,
			);
			runOnlyForDeploymentPostprocessing = 0;
		};
/* End PBXSourcesBuildPhase section */

/* Begin PBXVariantGroup section */
		52471A941CD9AF2F006865C6 /* Main.storyboard */ = {
			isa = PBXVariantGroup;
			children = (
				52471A951CD9AF2F006865C6 /* Base */,
			);
			name = Main.storyboard;
			sourceTree = "<group>";
		};
		52471A991CD9AF2F006865C6 /* LaunchScreen.storyboard */ = {
			isa = PBXVariantGroup;
			children = (
				52471A9A1CD9AF2F006865C6 /* Base */,
			);
			name = LaunchScreen.storyboard;
			sourceTree = "<group>";
		};
/* End PBXVariantGroup section */

/* Begin XCBuildConfiguration section */
		52471A9D1CD9AF2F006865C6 /* Debug */ = {
			isa = XCBuildConfiguration;
			buildSettings = {
				ALWAYS_SEARCH_USER_PATHS = NO;
				CLANG_ANALYZER_NONNULL = YES;
				CLANG_CXX_LANGUAGE_STANDARD = "gnu++0x";
				CLANG_CXX_LIBRARY = "libc++";
				CLANG_ENABLE_MODULES = YES;
				CLANG_ENABLE_OBJC_ARC = YES;
				CLANG_WARN_BOOL_CONVERSION = YES;
				CLANG_WARN_CONSTANT_CONVERSION = YES;
				CLANG_WARN_DIRECT_OBJC_ISA_USAGE = YES_ERROR;
				CLANG_WARN_EMPTY_BODY = YES;
				CLANG_WARN_ENUM_CONVERSION = YES;
				CLANG_WARN_INT_CONVERSION = YES;
				CLANG_WARN_OBJC_ROOT_CLASS = YES_ERROR;
				CLANG_WARN_UNREACHABLE_CODE = YES;
				CLANG_WARN__DUPLICATE_METHOD_MATCH = YES;
				"CODE_SIGN_IDENTITY[sdk=iphoneos*]" = "iPhone Developer";
				COPY_PHASE_STRIP = NO;
				DEBUG_INFORMATION_FORMAT = dwarf;
				ENABLE_BITCODE = YES;
				ENABLE_STRICT_OBJC_MSGSEND = YES;
				ENABLE_TESTABILITY = YES;
				GCC_C_LANGUAGE_STANDARD = gnu99;
				GCC_DYNAMIC_NO_PIC = NO;
				GCC_NO_COMMON_BLOCKS = YES;
				GCC_OPTIMIZATION_LEVEL = 0;
				GCC_PREPROCESSOR_DEFINITIONS = (
					"DEBUG=1",
					"$(inherited)",
				);
				GCC_WARN_64_TO_32_BIT_CONVERSION = YES;
				GCC_WARN_ABOUT_RETURN_TYPE = YES_ERROR;
				GCC_WARN_UNDECLARED_SELECTOR = YES;
				GCC_WARN_UNINITIALIZED_AUTOS = YES_AGGRESSIVE;
				GCC_WARN_UNUSED_FUNCTION = YES;
				GCC_WARN_UNUSED_VARIABLE = YES;
				IPHONEOS_DEPLOYMENT_TARGET = 8.0;
				MTL_ENABLE_DEBUG_INFO = YES;
				ONLY_ACTIVE_ARCH = YES;
				SDKROOT = iphoneos;
				SWIFT_OPTIMIZATION_LEVEL = "-Onone";
			};
			name = Debug;
		};
		52471A9E1CD9AF2F006865C6 /* Release */ = {
			isa = XCBuildConfiguration;
			buildSettings = {
				ALWAYS_SEARCH_USER_PATHS = NO;
				CLANG_ANALYZER_NONNULL = YES;
				CLANG_CXX_LANGUAGE_STANDARD = "gnu++0x";
				CLANG_CXX_LIBRARY = "libc++";
				CLANG_ENABLE_MODULES = YES;
				CLANG_ENABLE_OBJC_ARC = YES;
				CLANG_WARN_BOOL_CONVERSION = YES;
				CLANG_WARN_CONSTANT_CONVERSION = YES;
				CLANG_WARN_DIRECT_OBJC_ISA_USAGE = YES_ERROR;
				CLANG_WARN_EMPTY_BODY = YES;
				CLANG_WARN_ENUM_CONVERSION = YES;
				CLANG_WARN_INT_CONVERSION = YES;
				CLANG_WARN_OBJC_ROOT_CLASS = YES_ERROR;
				CLANG_WARN_UNREACHABLE_CODE = YES;
				CLANG_WARN__DUPLICATE_METHOD_MATCH = YES;
				"CODE_SIGN_IDENTITY[sdk=iphoneos*]" = "iPhone Developer";
				COPY_PHASE_STRIP = NO;
				DEBUG_INFORMATION_FORMAT = "dwarf-with-dsym";
				ENABLE_BITCODE = YES;
				ENABLE_NS_ASSERTIONS = NO;
				ENABLE_STRICT_OBJC_MSGSEND = YES;
				GCC_C_LANGUAGE_STANDARD = gnu99;
				GCC_NO_COMMON_BLOCKS = YES;
				GCC_WARN_64_TO_32_BIT_CONVERSION = YES;
				GCC_WARN_ABOUT_RETURN_TYPE = YES_ERROR;
				GCC_WARN_UNDECLARED_SELECTOR = YES;
				GCC_WARN_UNINITIALIZED_AUTOS = YES_AGGRESSIVE;
				GCC_WARN_UNUSED_FUNCTION = YES;
				GCC_WARN_UNUSED_VARIABLE = YES;
				IPHONEOS_DEPLOYMENT_TARGET = 8.0;
				MTL_ENABLE_DEBUG_INFO = NO;
				SDKROOT = iphoneos;
				VALIDATE_PRODUCT = YES;
			};
			name = Release;
		};
		52471AA01CD9AF2F006865C6 /* Debug */ = {
			isa = XCBuildConfiguration;
			baseConfigurationReference = 59A95AFB59F6F713D7B3BD57 /* Pods-qiitareader.debug.xcconfig */;
			buildSettings = {
				ASSETCATALOG_COMPILER_APPICON_NAME = AppIcon;
				ENABLE_BITCODE = YES;
				FRAMEWORK_SEARCH_PATHS = (
					"$(inherited)",
					"$(PROJECT_DIR)/Build/Products/Debug-iphonesimulator/Alamofire",
					"$(PROJECT_DIR)/Build/Products/Debug-iphonesimulator/SwiftyJSON",
				);
				INFOPLIST_FILE = qiitareader/Info.plist;
				IPHONEOS_DEPLOYMENT_TARGET = 9.3;
				LD_RUNPATH_SEARCH_PATHS = "$(inherited) @executable_path/Frameworks";
				ONLY_ACTIVE_ARCH = YES;
				PRODUCT_BUNDLE_IDENTIFIER = hiroshings.qiitareader;
				PRODUCT_NAME = "$(TARGET_NAME)";
			};
			name = Debug;
		};
		52471AA11CD9AF2F006865C6 /* Release */ = {
			isa = XCBuildConfiguration;
			baseConfigurationReference = D099A7D6A6B2AD2C49A5D14A /* Pods-qiitareader.release.xcconfig */;
			buildSettings = {
				ASSETCATALOG_COMPILER_APPICON_NAME = AppIcon;
				ENABLE_BITCODE = YES;
				FRAMEWORK_SEARCH_PATHS = (
					"$(inherited)",
					"$(PROJECT_DIR)/Build/Products/Debug-iphonesimulator/Alamofire",
					"$(PROJECT_DIR)/Build/Products/Debug-iphonesimulator/SwiftyJSON",
				);
				INFOPLIST_FILE = qiitareader/Info.plist;
				IPHONEOS_DEPLOYMENT_TARGET = 9.3;
				LD_RUNPATH_SEARCH_PATHS = "$(inherited) @executable_path/Frameworks";
				ONLY_ACTIVE_ARCH = YES;
				PRODUCT_BUNDLE_IDENTIFIER = hiroshings.qiitareader;
				PRODUCT_NAME = "$(TARGET_NAME)";
			};
			name = Release;
		};
/* End XCBuildConfiguration section */

/* Begin XCConfigurationList section */
		52471A881CD9AF2E006865C6 /* Build configuration list for PBXProject "qiitareader" */ = {
			isa = XCConfigurationList;
			buildConfigurations = (
				52471A9D1CD9AF2F006865C6 /* Debug */,
				52471A9E1CD9AF2F006865C6 /* Release */,
			);
			defaultConfigurationIsVisible = 0;
			defaultConfigurationName = Release;
		};
		52471A9F1CD9AF2F006865C6 /* Build configuration list for PBXNativeTarget "qiitareader" */ = {
			isa = XCConfigurationList;
			buildConfigurations = (
				52471AA01CD9AF2F006865C6 /* Debug */,
				52471AA11CD9AF2F006865C6 /* Release */,
			);
			defaultConfigurationIsVisible = 0;
			defaultConfigurationName = Release;
		};
/* End XCConfigurationList section */
	};
	rootObject = 52471A851CD9AF2E006865C6 /* Project object */;
}
