// !$*UTF8*$!
{
	archiveVersion = 1;
	classes = {
	};
	objectVersion = 46;
	objects = {

/* Begin PBXBuildFile section */
		540B1D871E75166300D6DD17 /* FileManager.swift in Sources */ = {isa = PBXBuildFile; fileRef = 540B1D861E75166300D6DD17 /* FileManager.swift */; };
		540B1D891E75206700D6DD17 /* Keys.plist in Resources */ = {isa = PBXBuildFile; fileRef = 540B1D881E75206700D6DD17 /* Keys.plist */; };
		540C90EA1E717AAE0073D43E /* ArticleListNavigationController.swift in Sources */ = {isa = PBXBuildFile; fileRef = 540C90E91E717AAE0073D43E /* ArticleListNavigationController.swift */; };
		542265E91E64059000C7AA45 /* ReadLaterViewController.swift in Sources */ = {isa = PBXBuildFile; fileRef = 542265E81E64059000C7AA45 /* ReadLaterViewController.swift */; };
		542265EB1E640C2400C7AA45 /* XLPagerTabStrip.framework in Frameworks */ = {isa = PBXBuildFile; fileRef = 542265EA1E640C2400C7AA45 /* XLPagerTabStrip.framework */; };
		542265EE1E64283B00C7AA45 /* ReadLaterTabViewController.swift in Sources */ = {isa = PBXBuildFile; fileRef = 542265ED1E64283B00C7AA45 /* ReadLaterTabViewController.swift */; };
		542265F01E642A2C00C7AA45 /* ArchiveViewController.swift in Sources */ = {isa = PBXBuildFile; fileRef = 542265EF1E642A2C00C7AA45 /* ArchiveViewController.swift */; };
		543B70CF1E7FB3C7009367E2 /* QiitaAPIError.swift in Sources */ = {isa = PBXBuildFile; fileRef = 543B70CE1E7FB3C7009367E2 /* QiitaAPIError.swift */; };
		543B70D11E7FC333009367E2 /* ConnectionError.swift in Sources */ = {isa = PBXBuildFile; fileRef = 543B70D01E7FC333009367E2 /* ConnectionError.swift */; };
		5457AADE1E767384000E3FE3 /* ArchiveTableViewCell.swift in Sources */ = {isa = PBXBuildFile; fileRef = 5457AADC1E767384000E3FE3 /* ArchiveTableViewCell.swift */; };
		5457AADF1E767384000E3FE3 /* ArchiveTableViewCell.xib in Resources */ = {isa = PBXBuildFile; fileRef = 5457AADD1E767384000E3FE3 /* ArchiveTableViewCell.xib */; };
		54674A501E89561A00247ABA /* ArticleCellType.swift in Sources */ = {isa = PBXBuildFile; fileRef = 54674A4F1E89561A00247ABA /* ArticleCellType.swift */; };
		5495F4211E90D72E00F520FC /* OtherTableViewController.swift in Sources */ = {isa = PBXBuildFile; fileRef = 5495F4201E90D72E00F520FC /* OtherTableViewController.swift */; };
		5495F4231E90EA8800F520FC /* OtherNavigationController.swift in Sources */ = {isa = PBXBuildFile; fileRef = 5495F4221E90EA8800F520FC /* OtherNavigationController.swift */; };
		54BB71BD1E6AF8D30020DB9D /* SwipeCellType.swift in Sources */ = {isa = PBXBuildFile; fileRef = 54BB71BC1E6AF8D30020DB9D /* SwipeCellType.swift */; };
		54BB71BF1E6AFC240020DB9D /* ArticleView.swift in Sources */ = {isa = PBXBuildFile; fileRef = 54BB71BE1E6AFC240020DB9D /* ArticleView.swift */; };
		54BB71C11E6AFC320020DB9D /* ArticleView.xib in Resources */ = {isa = PBXBuildFile; fileRef = 54BB71C01E6AFC320020DB9D /* ArticleView.xib */; };
		54CD4D741E62D99500F15B5B /* APIClient.swift in Sources */ = {isa = PBXBuildFile; fileRef = 54CD4D511E62D99500F15B5B /* APIClient.swift */; };
		54CD4D751E62D99500F15B5B /* Dependencies.swift in Sources */ = {isa = PBXBuildFile; fileRef = 54CD4D521E62D99500F15B5B /* Dependencies.swift */; };
		54CD4D761E62D99500F15B5B /* JSONDecodable.swift in Sources */ = {isa = PBXBuildFile; fileRef = 54CD4D531E62D99500F15B5B /* JSONDecodable.swift */; };
		54CD4D771E62D99500F15B5B /* QiitaAPI.swift in Sources */ = {isa = PBXBuildFile; fileRef = 54CD4D541E62D99500F15B5B /* QiitaAPI.swift */; };
		54CD4D781E62D99500F15B5B /* QiitaRequest.swift in Sources */ = {isa = PBXBuildFile; fileRef = 54CD4D551E62D99500F15B5B /* QiitaRequest.swift */; };
		54CD4D791E62D99500F15B5B /* AppDelegate.swift in Sources */ = {isa = PBXBuildFile; fileRef = 54CD4D561E62D99500F15B5B /* AppDelegate.swift */; };
		54CD4D7A1E62D99500F15B5B /* Assets.xcassets in Resources */ = {isa = PBXBuildFile; fileRef = 54CD4D571E62D99500F15B5B /* Assets.xcassets */; };
		54CD4D7B1E62D99500F15B5B /* LaunchScreen.storyboard in Resources */ = {isa = PBXBuildFile; fileRef = 54CD4D581E62D99500F15B5B /* LaunchScreen.storyboard */; };
		54CD4D7C1E62D99500F15B5B /* Main.storyboard in Resources */ = {isa = PBXBuildFile; fileRef = 54CD4D5A1E62D99500F15B5B /* Main.storyboard */; };
		54CD4D7D1E62D99500F15B5B /* ArrayExtension.swift in Sources */ = {isa = PBXBuildFile; fileRef = 54CD4D5D1E62D99500F15B5B /* ArrayExtension.swift */; };
		54CD4D7E1E62D99500F15B5B /* UIColorExtension.swift in Sources */ = {isa = PBXBuildFile; fileRef = 54CD4D5E1E62D99500F15B5B /* UIColorExtension.swift */; };
		54CD4D7F1E62D99500F15B5B /* UIViewExtension.swift in Sources */ = {isa = PBXBuildFile; fileRef = 54CD4D5F1E62D99500F15B5B /* UIViewExtension.swift */; };
		54CD4D811E62D99500F15B5B /* Article.swift in Sources */ = {isa = PBXBuildFile; fileRef = 54CD4D621E62D99500F15B5B /* Article.swift */; };
		54CD4D821E62D99500F15B5B /* ArticleManager.swift in Sources */ = {isa = PBXBuildFile; fileRef = 54CD4D631E62D99500F15B5B /* ArticleManager.swift */; };
		54CD4D831E62D99500F15B5B /* Articles.swift in Sources */ = {isa = PBXBuildFile; fileRef = 54CD4D641E62D99500F15B5B /* Articles.swift */; };
		54CD4D841E62D99500F15B5B /* SearchHistory.swift in Sources */ = {isa = PBXBuildFile; fileRef = 54CD4D651E62D99500F15B5B /* SearchHistory.swift */; };
		54CD4D851E62D99500F15B5B /* SearchType.swift in Sources */ = {isa = PBXBuildFile; fileRef = 54CD4D661E62D99500F15B5B /* SearchType.swift */; };
		54CD4D861E62D99500F15B5B /* UserSettings.swift in Sources */ = {isa = PBXBuildFile; fileRef = 54CD4D681E62D99500F15B5B /* UserSettings.swift */; };
		54CD4D871E62D99500F15B5B /* Util.swift in Sources */ = {isa = PBXBuildFile; fileRef = 54CD4D691E62D99500F15B5B /* Util.swift */; };
		54CD4D881E62D99500F15B5B /* ArticleTableViewCell.swift in Sources */ = {isa = PBXBuildFile; fileRef = 54CD4D6B1E62D99500F15B5B /* ArticleTableViewCell.swift */; };
		54CD4D891E62D99500F15B5B /* ArticleTableViewCell.xib in Resources */ = {isa = PBXBuildFile; fileRef = 54CD4D6C1E62D99500F15B5B /* ArticleTableViewCell.xib */; };
		54CD4D8A1E62D99500F15B5B /* ArticleListViewController.swift in Sources */ = {isa = PBXBuildFile; fileRef = 54CD4D6E1E62D99500F15B5B /* ArticleListViewController.swift */; };
		54CD4D8B1E62D99500F15B5B /* MainTabBarController.swift in Sources */ = {isa = PBXBuildFile; fileRef = 54CD4D6F1E62D99500F15B5B /* MainTabBarController.swift */; };
		54CD4D8C1E62D99500F15B5B /* SearchArticleViewController.swift in Sources */ = {isa = PBXBuildFile; fileRef = 54CD4D701E62D99500F15B5B /* SearchArticleViewController.swift */; };
		54CD4D8E1E62D99500F15B5B /* ArticleListViewModel.swift in Sources */ = {isa = PBXBuildFile; fileRef = 54CD4D731E62D99500F15B5B /* ArticleListViewModel.swift */; };
		54D5713A1E765D77000C0D21 /* ReadLaterTableViewCell.swift in Sources */ = {isa = PBXBuildFile; fileRef = 54D571391E765D77000C0D21 /* ReadLaterTableViewCell.swift */; };
		54D5713C1E765DC0000C0D21 /* ReadLaterTableViewCell.xib in Resources */ = {isa = PBXBuildFile; fileRef = 54D5713B1E765DC0000C0D21 /* ReadLaterTableViewCell.xib */; };
		54F7C7E21E989B8A0069258E /* Licenses.plist in Resources */ = {isa = PBXBuildFile; fileRef = 54F7C7E11E989B8A0069258E /* Licenses.plist */; };
		54FAA58A1E3DD62600C09411 /* Realm.framework in Frameworks */ = {isa = PBXBuildFile; fileRef = 54FAA5881E3DD62600C09411 /* Realm.framework */; };
		54FAA58B1E3DD62600C09411 /* RealmSwift.framework in Frameworks */ = {isa = PBXBuildFile; fileRef = 54FAA5891E3DD62600C09411 /* RealmSwift.framework */; };
		6CA49CB01DB3569900853D00 /* WebImage.framework in Frameworks */ = {isa = PBXBuildFile; fileRef = 6CA49CAF1DB3569900853D00 /* WebImage.framework */; };
		6CA49CB91DB3592A00853D00 /* Alamofire.framework in Frameworks */ = {isa = PBXBuildFile; fileRef = 6CA49CB71DB3592A00853D00 /* Alamofire.framework */; };
		6CA49CBA1DB3592A00853D00 /* SwiftyJSON.framework in Frameworks */ = {isa = PBXBuildFile; fileRef = 6CA49CB81DB3592A00853D00 /* SwiftyJSON.framework */; };
		6CBB0B1A1DB3ACBA007CCC11 /* RxSwift.framework in Frameworks */ = {isa = PBXBuildFile; fileRef = 6CBB0B191DB3ACBA007CCC11 /* RxSwift.framework */; };
/* End PBXBuildFile section */

/* Begin PBXFileReference section */
		52471A8D1CD9AF2E006865C6 /* QiitaPocket.app */ = {isa = PBXFileReference; explicitFileType = wrapper.application; includeInIndex = 0; path = QiitaPocket.app; sourceTree = BUILT_PRODUCTS_DIR; };
		540B1D861E75166300D6DD17 /* FileManager.swift */ = {isa = PBXFileReference; fileEncoding = 4; lastKnownFileType = sourcecode.swift; path = FileManager.swift; sourceTree = "<group>"; };
		540B1D881E75206700D6DD17 /* Keys.plist */ = {isa = PBXFileReference; fileEncoding = 4; lastKnownFileType = text.plist.xml; path = Keys.plist; sourceTree = "<group>"; };
		540C90E91E717AAE0073D43E /* ArticleListNavigationController.swift */ = {isa = PBXFileReference; fileEncoding = 4; lastKnownFileType = sourcecode.swift; path = ArticleListNavigationController.swift; sourceTree = "<group>"; };
		542265E81E64059000C7AA45 /* ReadLaterViewController.swift */ = {isa = PBXFileReference; fileEncoding = 4; lastKnownFileType = sourcecode.swift; path = ReadLaterViewController.swift; sourceTree = "<group>"; };
		542265EA1E640C2400C7AA45 /* XLPagerTabStrip.framework */ = {isa = PBXFileReference; lastKnownFileType = wrapper.framework; name = XLPagerTabStrip.framework; path = Carthage/Build/iOS/XLPagerTabStrip.framework; sourceTree = "<group>"; };
		542265ED1E64283B00C7AA45 /* ReadLaterTabViewController.swift */ = {isa = PBXFileReference; fileEncoding = 4; lastKnownFileType = sourcecode.swift; path = ReadLaterTabViewController.swift; sourceTree = "<group>"; };
		542265EF1E642A2C00C7AA45 /* ArchiveViewController.swift */ = {isa = PBXFileReference; fileEncoding = 4; lastKnownFileType = sourcecode.swift; path = ArchiveViewController.swift; sourceTree = "<group>"; };
		543B70CE1E7FB3C7009367E2 /* QiitaAPIError.swift */ = {isa = PBXFileReference; fileEncoding = 4; lastKnownFileType = sourcecode.swift; path = QiitaAPIError.swift; sourceTree = "<group>"; };
		543B70D01E7FC333009367E2 /* ConnectionError.swift */ = {isa = PBXFileReference; fileEncoding = 4; lastKnownFileType = sourcecode.swift; path = ConnectionError.swift; sourceTree = "<group>"; };
		5457AADC1E767384000E3FE3 /* ArchiveTableViewCell.swift */ = {isa = PBXFileReference; fileEncoding = 4; lastKnownFileType = sourcecode.swift; path = ArchiveTableViewCell.swift; sourceTree = "<group>"; };
		5457AADD1E767384000E3FE3 /* ArchiveTableViewCell.xib */ = {isa = PBXFileReference; fileEncoding = 4; lastKnownFileType = file.xib; path = ArchiveTableViewCell.xib; sourceTree = "<group>"; };
		54674A4F1E89561A00247ABA /* ArticleCellType.swift */ = {isa = PBXFileReference; fileEncoding = 4; lastKnownFileType = sourcecode.swift; path = ArticleCellType.swift; sourceTree = "<group>"; };
		5495F4201E90D72E00F520FC /* OtherTableViewController.swift */ = {isa = PBXFileReference; fileEncoding = 4; lastKnownFileType = sourcecode.swift; path = OtherTableViewController.swift; sourceTree = "<group>"; };
		5495F4221E90EA8800F520FC /* OtherNavigationController.swift */ = {isa = PBXFileReference; fileEncoding = 4; lastKnownFileType = sourcecode.swift; path = OtherNavigationController.swift; sourceTree = "<group>"; };
		54BB71BC1E6AF8D30020DB9D /* SwipeCellType.swift */ = {isa = PBXFileReference; fileEncoding = 4; lastKnownFileType = sourcecode.swift; path = SwipeCellType.swift; sourceTree = "<group>"; };
		54BB71BE1E6AFC240020DB9D /* ArticleView.swift */ = {isa = PBXFileReference; fileEncoding = 4; lastKnownFileType = sourcecode.swift; path = ArticleView.swift; sourceTree = "<group>"; };
		54BB71C01E6AFC320020DB9D /* ArticleView.xib */ = {isa = PBXFileReference; fileEncoding = 4; lastKnownFileType = file.xib; path = ArticleView.xib; sourceTree = "<group>"; };
		54CD4D511E62D99500F15B5B /* APIClient.swift */ = {isa = PBXFileReference; fileEncoding = 4; lastKnownFileType = sourcecode.swift; path = APIClient.swift; sourceTree = "<group>"; };
		54CD4D521E62D99500F15B5B /* Dependencies.swift */ = {isa = PBXFileReference; fileEncoding = 4; lastKnownFileType = sourcecode.swift; path = Dependencies.swift; sourceTree = "<group>"; };
		54CD4D531E62D99500F15B5B /* JSONDecodable.swift */ = {isa = PBXFileReference; fileEncoding = 4; lastKnownFileType = sourcecode.swift; path = JSONDecodable.swift; sourceTree = "<group>"; };
		54CD4D541E62D99500F15B5B /* QiitaAPI.swift */ = {isa = PBXFileReference; fileEncoding = 4; lastKnownFileType = sourcecode.swift; path = QiitaAPI.swift; sourceTree = "<group>"; };
		54CD4D551E62D99500F15B5B /* QiitaRequest.swift */ = {isa = PBXFileReference; fileEncoding = 4; lastKnownFileType = sourcecode.swift; path = QiitaRequest.swift; sourceTree = "<group>"; };
		54CD4D561E62D99500F15B5B /* AppDelegate.swift */ = {isa = PBXFileReference; fileEncoding = 4; lastKnownFileType = sourcecode.swift; path = AppDelegate.swift; sourceTree = "<group>"; };
		54CD4D571E62D99500F15B5B /* Assets.xcassets */ = {isa = PBXFileReference; lastKnownFileType = folder.assetcatalog; path = Assets.xcassets; sourceTree = "<group>"; };
		54CD4D591E62D99500F15B5B /* Base */ = {isa = PBXFileReference; lastKnownFileType = file.storyboard; name = Base; path = Base.lproj/LaunchScreen.storyboard; sourceTree = "<group>"; };
		54CD4D5B1E62D99500F15B5B /* Base */ = {isa = PBXFileReference; lastKnownFileType = file.storyboard; name = Base; path = Base.lproj/Main.storyboard; sourceTree = "<group>"; };
		54CD4D5D1E62D99500F15B5B /* ArrayExtension.swift */ = {isa = PBXFileReference; fileEncoding = 4; lastKnownFileType = sourcecode.swift; path = ArrayExtension.swift; sourceTree = "<group>"; };
		54CD4D5E1E62D99500F15B5B /* UIColorExtension.swift */ = {isa = PBXFileReference; fileEncoding = 4; lastKnownFileType = sourcecode.swift; path = UIColorExtension.swift; sourceTree = "<group>"; };
		54CD4D5F1E62D99500F15B5B /* UIViewExtension.swift */ = {isa = PBXFileReference; fileEncoding = 4; lastKnownFileType = sourcecode.swift; path = UIViewExtension.swift; sourceTree = "<group>"; };
		54CD4D601E62D99500F15B5B /* Info.plist */ = {isa = PBXFileReference; fileEncoding = 4; lastKnownFileType = text.plist.xml; path = Info.plist; sourceTree = "<group>"; };
		54CD4D621E62D99500F15B5B /* Article.swift */ = {isa = PBXFileReference; fileEncoding = 4; lastKnownFileType = sourcecode.swift; path = Article.swift; sourceTree = "<group>"; };
		54CD4D631E62D99500F15B5B /* ArticleManager.swift */ = {isa = PBXFileReference; fileEncoding = 4; lastKnownFileType = sourcecode.swift; path = ArticleManager.swift; sourceTree = "<group>"; };
		54CD4D641E62D99500F15B5B /* Articles.swift */ = {isa = PBXFileReference; fileEncoding = 4; lastKnownFileType = sourcecode.swift; path = Articles.swift; sourceTree = "<group>"; };
		54CD4D651E62D99500F15B5B /* SearchHistory.swift */ = {isa = PBXFileReference; fileEncoding = 4; lastKnownFileType = sourcecode.swift; path = SearchHistory.swift; sourceTree = "<group>"; };
		54CD4D661E62D99500F15B5B /* SearchType.swift */ = {isa = PBXFileReference; fileEncoding = 4; lastKnownFileType = sourcecode.swift; path = SearchType.swift; sourceTree = "<group>"; };
		54CD4D681E62D99500F15B5B /* UserSettings.swift */ = {isa = PBXFileReference; fileEncoding = 4; lastKnownFileType = sourcecode.swift; path = UserSettings.swift; sourceTree = "<group>"; };
		54CD4D691E62D99500F15B5B /* Util.swift */ = {isa = PBXFileReference; fileEncoding = 4; lastKnownFileType = sourcecode.swift; path = Util.swift; sourceTree = "<group>"; };
		54CD4D6B1E62D99500F15B5B /* ArticleTableViewCell.swift */ = {isa = PBXFileReference; fileEncoding = 4; lastKnownFileType = sourcecode.swift; path = ArticleTableViewCell.swift; sourceTree = "<group>"; };
		54CD4D6C1E62D99500F15B5B /* ArticleTableViewCell.xib */ = {isa = PBXFileReference; fileEncoding = 4; lastKnownFileType = file.xib; path = ArticleTableViewCell.xib; sourceTree = "<group>"; };
		54CD4D6E1E62D99500F15B5B /* ArticleListViewController.swift */ = {isa = PBXFileReference; fileEncoding = 4; lastKnownFileType = sourcecode.swift; path = ArticleListViewController.swift; sourceTree = "<group>"; };
		54CD4D6F1E62D99500F15B5B /* MainTabBarController.swift */ = {isa = PBXFileReference; fileEncoding = 4; lastKnownFileType = sourcecode.swift; path = MainTabBarController.swift; sourceTree = "<group>"; };
		54CD4D701E62D99500F15B5B /* SearchArticleViewController.swift */ = {isa = PBXFileReference; fileEncoding = 4; lastKnownFileType = sourcecode.swift; path = SearchArticleViewController.swift; sourceTree = "<group>"; };
		54CD4D731E62D99500F15B5B /* ArticleListViewModel.swift */ = {isa = PBXFileReference; fileEncoding = 4; lastKnownFileType = sourcecode.swift; path = ArticleListViewModel.swift; sourceTree = "<group>"; };
		54D571391E765D77000C0D21 /* ReadLaterTableViewCell.swift */ = {isa = PBXFileReference; fileEncoding = 4; lastKnownFileType = sourcecode.swift; path = ReadLaterTableViewCell.swift; sourceTree = "<group>"; };
		54D5713B1E765DC0000C0D21 /* ReadLaterTableViewCell.xib */ = {isa = PBXFileReference; fileEncoding = 4; lastKnownFileType = file.xib; path = ReadLaterTableViewCell.xib; sourceTree = "<group>"; };
		54F7C7E11E989B8A0069258E /* Licenses.plist */ = {isa = PBXFileReference; fileEncoding = 4; lastKnownFileType = text.plist.xml; path = Licenses.plist; sourceTree = "<group>"; };
		54FAA5881E3DD62600C09411 /* Realm.framework */ = {isa = PBXFileReference; lastKnownFileType = wrapper.framework; name = Realm.framework; path = Carthage/Build/iOS/Realm.framework; sourceTree = "<group>"; };
		54FAA5891E3DD62600C09411 /* RealmSwift.framework */ = {isa = PBXFileReference; lastKnownFileType = wrapper.framework; name = RealmSwift.framework; path = Carthage/Build/iOS/RealmSwift.framework; sourceTree = "<group>"; };
		6CA49CAF1DB3569900853D00 /* WebImage.framework */ = {isa = PBXFileReference; lastKnownFileType = wrapper.framework; name = WebImage.framework; path = Carthage/Build/iOS/WebImage.framework; sourceTree = "<group>"; };
		6CA49CB71DB3592A00853D00 /* Alamofire.framework */ = {isa = PBXFileReference; lastKnownFileType = wrapper.framework; name = Alamofire.framework; path = Carthage/Build/iOS/Alamofire.framework; sourceTree = "<group>"; };
		6CA49CB81DB3592A00853D00 /* SwiftyJSON.framework */ = {isa = PBXFileReference; lastKnownFileType = wrapper.framework; name = SwiftyJSON.framework; path = Carthage/Build/iOS/SwiftyJSON.framework; sourceTree = "<group>"; };
		6CBB0B191DB3ACBA007CCC11 /* RxSwift.framework */ = {isa = PBXFileReference; lastKnownFileType = wrapper.framework; name = RxSwift.framework; path = Carthage/Build/iOS/RxSwift.framework; sourceTree = "<group>"; };
/* End PBXFileReference section */

/* Begin PBXFrameworksBuildPhase section */
		52471A8A1CD9AF2E006865C6 /* Frameworks */ = {
			isa = PBXFrameworksBuildPhase;
			buildActionMask = 2147483647;
			files = (
				542265EB1E640C2400C7AA45 /* XLPagerTabStrip.framework in Frameworks */,
				54FAA58A1E3DD62600C09411 /* Realm.framework in Frameworks */,
				54FAA58B1E3DD62600C09411 /* RealmSwift.framework in Frameworks */,
				6CBB0B1A1DB3ACBA007CCC11 /* RxSwift.framework in Frameworks */,
				6CA49CB91DB3592A00853D00 /* Alamofire.framework in Frameworks */,
				6CA49CBA1DB3592A00853D00 /* SwiftyJSON.framework in Frameworks */,
				6CA49CB01DB3569900853D00 /* WebImage.framework in Frameworks */,
			);
			runOnlyForDeploymentPostprocessing = 0;
		};
/* End PBXFrameworksBuildPhase section */

/* Begin PBXGroup section */
		19989F1DB404BCE9479B50AF /* Frameworks */ = {
			isa = PBXGroup;
			children = (
				542265EA1E640C2400C7AA45 /* XLPagerTabStrip.framework */,
				54FAA5881E3DD62600C09411 /* Realm.framework */,
				54FAA5891E3DD62600C09411 /* RealmSwift.framework */,
				6CBB0B191DB3ACBA007CCC11 /* RxSwift.framework */,
				6CA49CB71DB3592A00853D00 /* Alamofire.framework */,
				6CA49CB81DB3592A00853D00 /* SwiftyJSON.framework */,
				6CA49CAF1DB3569900853D00 /* WebImage.framework */,
			);
			name = Frameworks;
			sourceTree = "<group>";
		};
		52471A841CD9AF2E006865C6 = {
			isa = PBXGroup;
			children = (
				54CD4D4F1E62D99500F15B5B /* QiitaPocket */,
				52471A8E1CD9AF2E006865C6 /* Products */,
				19989F1DB404BCE9479B50AF /* Frameworks */,
			);
			sourceTree = "<group>";
		};
		52471A8E1CD9AF2E006865C6 /* Products */ = {
			isa = PBXGroup;
			children = (
				52471A8D1CD9AF2E006865C6 /* QiitaPocket.app */,
			);
			name = Products;
			sourceTree = "<group>";
		};
		54CD4D4F1E62D99500F15B5B /* QiitaPocket */ = {
			isa = PBXGroup;
			children = (
				54CD4D501E62D99500F15B5B /* API */,
				54CD4D561E62D99500F15B5B /* AppDelegate.swift */,
				54CD4D571E62D99500F15B5B /* Assets.xcassets */,
				54CD4D5A1E62D99500F15B5B /* Main.storyboard */,
				54CD4D581E62D99500F15B5B /* LaunchScreen.storyboard */,
				54CD4D5C1E62D99500F15B5B /* Extension */,
				54CD4D601E62D99500F15B5B /* Info.plist */,
				540B1D881E75206700D6DD17 /* Keys.plist */,
				54F7C7E11E989B8A0069258E /* Licenses.plist */,
				54CD4D611E62D99500F15B5B /* Model */,
				54CD4D671E62D99500F15B5B /* Util */,
				54CD4D6A1E62D99500F15B5B /* View */,
				54CD4D6D1E62D99500F15B5B /* ViewController */,
				54CD4D721E62D99500F15B5B /* ViewModel */,
			);
			path = QiitaPocket;
			sourceTree = "<group>";
		};
		54CD4D501E62D99500F15B5B /* API */ = {
			isa = PBXGroup;
			children = (
				54CD4D511E62D99500F15B5B /* APIClient.swift */,
				54CD4D521E62D99500F15B5B /* Dependencies.swift */,
				54CD4D531E62D99500F15B5B /* JSONDecodable.swift */,
				54CD4D541E62D99500F15B5B /* QiitaAPI.swift */,
				543B70CE1E7FB3C7009367E2 /* QiitaAPIError.swift */,
				543B70D01E7FC333009367E2 /* ConnectionError.swift */,
				54CD4D551E62D99500F15B5B /* QiitaRequest.swift */,
			);
			path = API;
			sourceTree = "<group>";
		};
		54CD4D5C1E62D99500F15B5B /* Extension */ = {
			isa = PBXGroup;
			children = (
				54CD4D5D1E62D99500F15B5B /* ArrayExtension.swift */,
				54CD4D5E1E62D99500F15B5B /* UIColorExtension.swift */,
				54CD4D5F1E62D99500F15B5B /* UIViewExtension.swift */,
			);
			path = Extension;
			sourceTree = "<group>";
		};
		54CD4D611E62D99500F15B5B /* Model */ = {
			isa = PBXGroup;
			children = (
				54CD4D621E62D99500F15B5B /* Article.swift */,
				54CD4D631E62D99500F15B5B /* ArticleManager.swift */,
				54CD4D641E62D99500F15B5B /* Articles.swift */,
				54CD4D651E62D99500F15B5B /* SearchHistory.swift */,
				54CD4D661E62D99500F15B5B /* SearchType.swift */,
			);
			path = Model;
			sourceTree = "<group>";
		};
		54CD4D671E62D99500F15B5B /* Util */ = {
			isa = PBXGroup;
			children = (
				54CD4D681E62D99500F15B5B /* UserSettings.swift */,
				54CD4D691E62D99500F15B5B /* Util.swift */,
				540B1D861E75166300D6DD17 /* FileManager.swift */,
			);
			path = Util;
			sourceTree = "<group>";
		};
		54CD4D6A1E62D99500F15B5B /* View */ = {
			isa = PBXGroup;
			children = (
				5457AADC1E767384000E3FE3 /* ArchiveTableViewCell.swift */,
				54674A4F1E89561A00247ABA /* ArticleCellType.swift */,
				5457AADD1E767384000E3FE3 /* ArchiveTableViewCell.xib */,
				54CD4D6B1E62D99500F15B5B /* ArticleTableViewCell.swift */,
				54D571391E765D77000C0D21 /* ReadLaterTableViewCell.swift */,
				54BB71BC1E6AF8D30020DB9D /* SwipeCellType.swift */,
				54CD4D6C1E62D99500F15B5B /* ArticleTableViewCell.xib */,
				54D5713B1E765DC0000C0D21 /* ReadLaterTableViewCell.xib */,
				54BB71BE1E6AFC240020DB9D /* ArticleView.swift */,
				54BB71C01E6AFC320020DB9D /* ArticleView.xib */,
			);
			path = View;
			sourceTree = "<group>";
		};
		54CD4D6D1E62D99500F15B5B /* ViewController */ = {
			isa = PBXGroup;
			children = (
				54CD4D6E1E62D99500F15B5B /* ArticleListViewController.swift */,
				5495F4201E90D72E00F520FC /* OtherTableViewController.swift */,
				5495F4221E90EA8800F520FC /* OtherNavigationController.swift */,
				540C90E91E717AAE0073D43E /* ArticleListNavigationController.swift */,
				54CD4D6F1E62D99500F15B5B /* MainTabBarController.swift */,
				54CD4D701E62D99500F15B5B /* SearchArticleViewController.swift */,
				542265E81E64059000C7AA45 /* ReadLaterViewController.swift */,
				542265EF1E642A2C00C7AA45 /* ArchiveViewController.swift */,
				542265ED1E64283B00C7AA45 /* ReadLaterTabViewController.swift */,
			);
			path = ViewController;
			sourceTree = "<group>";
		};
		54CD4D721E62D99500F15B5B /* ViewModel */ = {
			isa = PBXGroup;
			children = (
				54CD4D731E62D99500F15B5B /* ArticleListViewModel.swift */,
			);
			path = ViewModel;
			sourceTree = "<group>";
		};
/* End PBXGroup section */

/* Begin PBXNativeTarget section */
		52471A8C1CD9AF2E006865C6 /* QiitaPocket */ = {
			isa = PBXNativeTarget;
			buildConfigurationList = 52471A9F1CD9AF2F006865C6 /* Build configuration list for PBXNativeTarget "QiitaPocket" */;
			buildPhases = (
				52471A891CD9AF2E006865C6 /* Sources */,
				52471A8A1CD9AF2E006865C6 /* Frameworks */,
				52471A8B1CD9AF2E006865C6 /* Resources */,
				6CA49CBB1DB359A300853D00 /* ShellScript */,
			);
			buildRules = (
			);
			dependencies = (
			);
			name = QiitaPocket;
			productName = qiitareader;
			productReference = 52471A8D1CD9AF2E006865C6 /* QiitaPocket.app */;
			productType = "com.apple.product-type.application";
		};
/* End PBXNativeTarget section */

/* Begin PBXProject section */
		52471A851CD9AF2E006865C6 /* Project object */ = {
			isa = PBXProject;
			attributes = {
				LastSwiftUpdateCheck = 0730;
				LastUpgradeCheck = 0800;
				ORGANIZATIONNAME = hirothings;
				TargetAttributes = {
					52471A8C1CD9AF2E006865C6 = {
						CreatedOnToolsVersion = 7.3;
						DevelopmentTeam = G6788ACX5G;
						LastSwiftMigration = 0800;
						ProvisioningStyle = Automatic;
					};
				};
			};
			buildConfigurationList = 52471A881CD9AF2E006865C6 /* Build configuration list for PBXProject "QiitaPocket" */;
			compatibilityVersion = "Xcode 3.2";
			developmentRegion = English;
			hasScannedForEncodings = 0;
			knownRegions = (
				en,
				Base,
			);
			mainGroup = 52471A841CD9AF2E006865C6;
			productRefGroup = 52471A8E1CD9AF2E006865C6 /* Products */;
			projectDirPath = "";
			projectRoot = "";
			targets = (
				52471A8C1CD9AF2E006865C6 /* QiitaPocket */,
			);
		};
/* End PBXProject section */

/* Begin PBXResourcesBuildPhase section */
		52471A8B1CD9AF2E006865C6 /* Resources */ = {
			isa = PBXResourcesBuildPhase;
			buildActionMask = 2147483647;
			files = (
				540B1D891E75206700D6DD17 /* Keys.plist in Resources */,
				54BB71C11E6AFC320020DB9D /* ArticleView.xib in Resources */,
				54F7C7E21E989B8A0069258E /* Licenses.plist in Resources */,
				54D5713C1E765DC0000C0D21 /* ReadLaterTableViewCell.xib in Resources */,
				54CD4D891E62D99500F15B5B /* ArticleTableViewCell.xib in Resources */,
				54CD4D7C1E62D99500F15B5B /* Main.storyboard in Resources */,
				54CD4D7A1E62D99500F15B5B /* Assets.xcassets in Resources */,
				5457AADF1E767384000E3FE3 /* ArchiveTableViewCell.xib in Resources */,
				54CD4D7B1E62D99500F15B5B /* LaunchScreen.storyboard in Resources */,
			);
			runOnlyForDeploymentPostprocessing = 0;
		};
/* End PBXResourcesBuildPhase section */

/* Begin PBXShellScriptBuildPhase section */
		6CA49CBB1DB359A300853D00 /* ShellScript */ = {
			isa = PBXShellScriptBuildPhase;
			buildActionMask = 2147483647;
			files = (
			);
			inputPaths = (
				"$(SRCROOT)/Carthage/Build/iOS/SwiftyJSON.framework",
				"$(SRCROOT)/Carthage/Build/iOS/WebImage.framework",
				"$(SRCROOT)/Carthage/Build/iOS/RxSwift.framework",
				"$(SRCROOT)/Carthage/Build/iOS/RxCocoa.framework",
				"$(SRCROOT)/Carthage/Build/iOS/Alamofire.framework",
				"$(SRCROOT)/Carthage/Build/iOS/Realm.framework",
				"$(SRCROOT)/Carthage/Build/iOS/RealmSwift.framework",
				"$(SRCROOT)/Carthage/Build/iOS/XLPagerTabStrip.framework",
			);
			outputPaths = (
			);
			runOnlyForDeploymentPostprocessing = 0;
			shellPath = /bin/sh;
			shellScript = "/usr/local/bin/carthage copy-frameworks";
		};
/* End PBXShellScriptBuildPhase section */

/* Begin PBXSourcesBuildPhase section */
		52471A891CD9AF2E006865C6 /* Sources */ = {
			isa = PBXSourcesBuildPhase;
			buildActionMask = 2147483647;
			files = (
				5495F4211E90D72E00F520FC /* OtherTableViewController.swift in Sources */,
				542265E91E64059000C7AA45 /* ReadLaterViewController.swift in Sources */,
				54CD4D791E62D99500F15B5B /* AppDelegate.swift in Sources */,
				54CD4D761E62D99500F15B5B /* JSONDecodable.swift in Sources */,
				54CD4D821E62D99500F15B5B /* ArticleManager.swift in Sources */,
				54CD4D8C1E62D99500F15B5B /* SearchArticleViewController.swift in Sources */,
				54CD4D871E62D99500F15B5B /* Util.swift in Sources */,
				543B70CF1E7FB3C7009367E2 /* QiitaAPIError.swift in Sources */,
				54CD4D851E62D99500F15B5B /* SearchType.swift in Sources */,
				54CD4D841E62D99500F15B5B /* SearchHistory.swift in Sources */,
				54CD4D751E62D99500F15B5B /* Dependencies.swift in Sources */,
				543B70D11E7FC333009367E2 /* ConnectionError.swift in Sources */,
				542265EE1E64283B00C7AA45 /* ReadLaterTabViewController.swift in Sources */,
				540B1D871E75166300D6DD17 /* FileManager.swift in Sources */,
				54CD4D8E1E62D99500F15B5B /* ArticleListViewModel.swift in Sources */,
				54674A501E89561A00247ABA /* ArticleCellType.swift in Sources */,
				54CD4D831E62D99500F15B5B /* Articles.swift in Sources */,
				54CD4D7E1E62D99500F15B5B /* UIColorExtension.swift in Sources */,
				54CD4D811E62D99500F15B5B /* Article.swift in Sources */,
				54CD4D881E62D99500F15B5B /* ArticleTableViewCell.swift in Sources */,
				54BB71BF1E6AFC240020DB9D /* ArticleView.swift in Sources */,
				54BB71BD1E6AF8D30020DB9D /* SwipeCellType.swift in Sources */,
				54CD4D741E62D99500F15B5B /* APIClient.swift in Sources */,
				54CD4D7D1E62D99500F15B5B /* ArrayExtension.swift in Sources */,
				5457AADE1E767384000E3FE3 /* ArchiveTableViewCell.swift in Sources */,
				54CD4D8B1E62D99500F15B5B /* MainTabBarController.swift in Sources */,
				54CD4D7F1E62D99500F15B5B /* UIViewExtension.swift in Sources */,
				5495F4231E90EA8800F520FC /* OtherNavigationController.swift in Sources */,
				54CD4D781E62D99500F15B5B /* QiitaRequest.swift in Sources */,
				54CD4D8A1E62D99500F15B5B /* ArticleListViewController.swift in Sources */,
				540C90EA1E717AAE0073D43E /* ArticleListNavigationController.swift in Sources */,
				54D5713A1E765D77000C0D21 /* ReadLaterTableViewCell.swift in Sources */,
				54CD4D861E62D99500F15B5B /* UserSettings.swift in Sources */,
				542265F01E642A2C00C7AA45 /* ArchiveViewController.swift in Sources */,
				54CD4D771E62D99500F15B5B /* QiitaAPI.swift in Sources */,
			);
			runOnlyForDeploymentPostprocessing = 0;
		};
/* End PBXSourcesBuildPhase section */

/* Begin PBXVariantGroup section */
		54CD4D581E62D99500F15B5B /* LaunchScreen.storyboard */ = {
			isa = PBXVariantGroup;
			children = (
				54CD4D591E62D99500F15B5B /* Base */,
			);
			name = LaunchScreen.storyboard;
			sourceTree = "<group>";
		};
		54CD4D5A1E62D99500F15B5B /* Main.storyboard */ = {
			isa = PBXVariantGroup;
			children = (
				54CD4D5B1E62D99500F15B5B /* Base */,
			);
			name = Main.storyboard;
			sourceTree = "<group>";
		};
/* End PBXVariantGroup section */

/* Begin XCBuildConfiguration section */
		52471A9D1CD9AF2F006865C6 /* Debug */ = {
			isa = XCBuildConfiguration;
			buildSettings = {
				ALWAYS_SEARCH_USER_PATHS = NO;
				CLANG_ANALYZER_LOCALIZABILITY_NONLOCALIZED = YES;
				CLANG_ANALYZER_NONNULL = YES;
				CLANG_CXX_LANGUAGE_STANDARD = "gnu++0x";
				CLANG_CXX_LIBRARY = "libc++";
				CLANG_ENABLE_MODULES = YES;
				CLANG_ENABLE_OBJC_ARC = YES;
				CLANG_WARN_BOOL_CONVERSION = YES;
				CLANG_WARN_CONSTANT_CONVERSION = YES;
				CLANG_WARN_DIRECT_OBJC_ISA_USAGE = YES_ERROR;
				CLANG_WARN_EMPTY_BODY = YES;
				CLANG_WARN_ENUM_CONVERSION = YES;
				CLANG_WARN_INFINITE_RECURSION = YES;
				CLANG_WARN_INT_CONVERSION = YES;
				CLANG_WARN_OBJC_ROOT_CLASS = YES_ERROR;
				CLANG_WARN_SUSPICIOUS_MOVE = YES;
				CLANG_WARN_UNREACHABLE_CODE = YES;
				CLANG_WARN__DUPLICATE_METHOD_MATCH = YES;
				CODE_SIGN_IDENTITY = "iPhone Developer";
				"CODE_SIGN_IDENTITY[sdk=iphoneos*]" = "iPhone Developer";
				COPY_PHASE_STRIP = NO;
				DEBUG_INFORMATION_FORMAT = dwarf;
				ENABLE_BITCODE = YES;
				ENABLE_STRICT_OBJC_MSGSEND = YES;
				ENABLE_TESTABILITY = YES;
				GCC_C_LANGUAGE_STANDARD = gnu99;
				GCC_DYNAMIC_NO_PIC = NO;
				GCC_NO_COMMON_BLOCKS = YES;
				GCC_OPTIMIZATION_LEVEL = 0;
				GCC_PREPROCESSOR_DEFINITIONS = (
					"DEBUG=1",
					"$(inherited)",
				);
				GCC_WARN_64_TO_32_BIT_CONVERSION = YES;
				GCC_WARN_ABOUT_RETURN_TYPE = YES_ERROR;
				GCC_WARN_UNDECLARED_SELECTOR = YES;
				GCC_WARN_UNINITIALIZED_AUTOS = YES_AGGRESSIVE;
				GCC_WARN_UNUSED_FUNCTION = YES;
				GCC_WARN_UNUSED_VARIABLE = YES;
				IPHONEOS_DEPLOYMENT_TARGET = 10.1;
				MTL_ENABLE_DEBUG_INFO = YES;
				ONLY_ACTIVE_ARCH = YES;
				SDKROOT = iphoneos;
				SWIFT_OPTIMIZATION_LEVEL = "-Onone";
			};
			name = Debug;
		};
		52471A9E1CD9AF2F006865C6 /* Release */ = {
			isa = XCBuildConfiguration;
			buildSettings = {
				ALWAYS_SEARCH_USER_PATHS = NO;
				CLANG_ANALYZER_LOCALIZABILITY_NONLOCALIZED = YES;
				CLANG_ANALYZER_NONNULL = YES;
				CLANG_CXX_LANGUAGE_STANDARD = "gnu++0x";
				CLANG_CXX_LIBRARY = "libc++";
				CLANG_ENABLE_MODULES = YES;
				CLANG_ENABLE_OBJC_ARC = YES;
				CLANG_WARN_BOOL_CONVERSION = YES;
				CLANG_WARN_CONSTANT_CONVERSION = YES;
				CLANG_WARN_DIRECT_OBJC_ISA_USAGE = YES_ERROR;
				CLANG_WARN_EMPTY_BODY = YES;
				CLANG_WARN_ENUM_CONVERSION = YES;
				CLANG_WARN_INFINITE_RECURSION = YES;
				CLANG_WARN_INT_CONVERSION = YES;
				CLANG_WARN_OBJC_ROOT_CLASS = YES_ERROR;
				CLANG_WARN_SUSPICIOUS_MOVE = YES;
				CLANG_WARN_UNREACHABLE_CODE = YES;
				CLANG_WARN__DUPLICATE_METHOD_MATCH = YES;
				CODE_SIGN_IDENTITY = "iPhone Developer: hiroshi sakamoto (XD2497ADTV)";
				"CODE_SIGN_IDENTITY[sdk=iphoneos*]" = "iPhone Developer";
				COPY_PHASE_STRIP = NO;
				DEBUG_INFORMATION_FORMAT = "dwarf-with-dsym";
				ENABLE_BITCODE = YES;
				ENABLE_NS_ASSERTIONS = NO;
				ENABLE_STRICT_OBJC_MSGSEND = YES;
				GCC_C_LANGUAGE_STANDARD = gnu99;
				GCC_NO_COMMON_BLOCKS = YES;
				GCC_WARN_64_TO_32_BIT_CONVERSION = YES;
				GCC_WARN_ABOUT_RETURN_TYPE = YES_ERROR;
				GCC_WARN_UNDECLARED_SELECTOR = YES;
				GCC_WARN_UNINITIALIZED_AUTOS = YES_AGGRESSIVE;
				GCC_WARN_UNUSED_FUNCTION = YES;
				GCC_WARN_UNUSED_VARIABLE = YES;
				IPHONEOS_DEPLOYMENT_TARGET = 10.1;
				MTL_ENABLE_DEBUG_INFO = NO;
				SDKROOT = iphoneos;
				SWIFT_OPTIMIZATION_LEVEL = "-Owholemodule";
				VALIDATE_PRODUCT = YES;
			};
			name = Release;
		};
		52471AA01CD9AF2F006865C6 /* Debug */ = {
			isa = XCBuildConfiguration;
			buildSettings = {
				ASSETCATALOG_COMPILER_APPICON_NAME = AppIcon;
				CODE_SIGN_IDENTITY = "iPhone Developer";
				"CODE_SIGN_IDENTITY[sdk=iphoneos*]" = "iPhone Developer";
				DEVELOPMENT_TEAM = G6788ACX5G;
				ENABLE_BITCODE = YES;
				FRAMEWORK_SEARCH_PATHS = (
					"$(inherited)",
					"$(PROJECT_DIR)/Carthage/Build/iOS",
				);
				INFOPLIST_FILE = "$(SRCROOT)/QiitaPocket/Info.plist";
				IPHONEOS_DEPLOYMENT_TARGET = 10.1;
				LD_RUNPATH_SEARCH_PATHS = "$(inherited) @executable_path/Frameworks";
				ONLY_ACTIVE_ARCH = YES;
				PRODUCT_BUNDLE_IDENTIFIER = hirothings.QiitaPocket;
				PRODUCT_NAME = "$(TARGET_NAME)";
				PROVISIONING_PROFILE = "";
				PROVISIONING_PROFILE_SPECIFIER = "";
				SWIFT_VERSION = 3.0;
			};
			name = Debug;
		};
		52471AA11CD9AF2F006865C6 /* Release */ = {
			isa = XCBuildConfiguration;
			buildSettings = {
				ASSETCATALOG_COMPILER_APPICON_NAME = AppIcon;
				CODE_SIGN_IDENTITY = "iPhone Distribution";
				"CODE_SIGN_IDENTITY[sdk=iphoneos*]" = "iPhone Developer";
				DEVELOPMENT_TEAM = G6788ACX5G;
				ENABLE_BITCODE = YES;
				FRAMEWORK_SEARCH_PATHS = (
					"$(inherited)",
					"$(PROJECT_DIR)/Carthage/Build/iOS",
				);
				INFOPLIST_FILE = "$(SRCROOT)/QiitaPocket/Info.plist";
				IPHONEOS_DEPLOYMENT_TARGET = 10.1;
				LD_RUNPATH_SEARCH_PATHS = "$(inherited) @executable_path/Frameworks";
				ONLY_ACTIVE_ARCH = YES;
				PRODUCT_BUNDLE_IDENTIFIER = hirothings.QiitaPocket;
				PRODUCT_NAME = "$(TARGET_NAME)";
				PROVISIONING_PROFILE = "";
				PROVISIONING_PROFILE_SPECIFIER = "";
				SWIFT_VERSION = 3.0;
			};
			name = Release;
		};
/* End XCBuildConfiguration section */

/* Begin XCConfigurationList section */
		52471A881CD9AF2E006865C6 /* Build configuration list for PBXProject "QiitaPocket" */ = {
			isa = XCConfigurationList;
			buildConfigurations = (
				52471A9D1CD9AF2F006865C6 /* Debug */,
				52471A9E1CD9AF2F006865C6 /* Release */,
			);
			defaultConfigurationIsVisible = 0;
			defaultConfigurationName = Release;
		};
		52471A9F1CD9AF2F006865C6 /* Build configuration list for PBXNativeTarget "QiitaPocket" */ = {
			isa = XCConfigurationList;
			buildConfigurations = (
				52471AA01CD9AF2F006865C6 /* Debug */,
				52471AA11CD9AF2F006865C6 /* Release */,
			);
			defaultConfigurationIsVisible = 0;
			defaultConfigurationName = Release;
		};
/* End XCConfigurationList section */
	};
	rootObject = 52471A851CD9AF2E006865C6 /* Project object */;
}
