// !$*UTF8*$!
{
	archiveVersion = 1;
	classes = {
	};
	objectVersion = 46;
	objects = {

/* Begin PBXBuildFile section */
		5438C6751E06A15800EBA8FA /* ArticleListViewModel.swift in Sources */ = {isa = PBXBuildFile; fileRef = 5438C6741E06A15800EBA8FA /* ArticleListViewModel.swift */; };
		6C509BE91DD13BD500740AF2 /* APIClient.swift in Sources */ = {isa = PBXBuildFile; fileRef = 6C509BD61DD13BD500740AF2 /* APIClient.swift */; };
		6C509BEA1DD13BD500740AF2 /* AppDelegate.swift in Sources */ = {isa = PBXBuildFile; fileRef = 6C509BD71DD13BD500740AF2 /* AppDelegate.swift */; };
		6C509BEB1DD13BD500740AF2 /* Assets.xcassets in Resources */ = {isa = PBXBuildFile; fileRef = 6C509BD81DD13BD500740AF2 /* Assets.xcassets */; };
		6C509BEC1DD13BD500740AF2 /* LaunchScreen.storyboard in Resources */ = {isa = PBXBuildFile; fileRef = 6C509BD91DD13BD500740AF2 /* LaunchScreen.storyboard */; };
		6C509BED1DD13BD500740AF2 /* Main.storyboard in Resources */ = {isa = PBXBuildFile; fileRef = 6C509BDB1DD13BD500740AF2 /* Main.storyboard */; };
		6C509BEE1DD13BD500740AF2 /* Dependencies.swift in Sources */ = {isa = PBXBuildFile; fileRef = 6C509BDD1DD13BD500740AF2 /* Dependencies.swift */; };
		6C509BF01DD13BD500740AF2 /* Article.swift in Sources */ = {isa = PBXBuildFile; fileRef = 6C509BE01DD13BD500740AF2 /* Article.swift */; };
		6C509BF11DD13BD500740AF2 /* ArticleTableViewCell.swift in Sources */ = {isa = PBXBuildFile; fileRef = 6C509BE21DD13BD500740AF2 /* ArticleTableViewCell.swift */; };
		6C509BF21DD13BD500740AF2 /* ArticleTableViewCell.xib in Resources */ = {isa = PBXBuildFile; fileRef = 6C509BE31DD13BD500740AF2 /* ArticleTableViewCell.xib */; };
		6C509BF31DD13BD500740AF2 /* ArticleListViewController.swift in Sources */ = {isa = PBXBuildFile; fileRef = 6C509BE51DD13BD500740AF2 /* ArticleListViewController.swift */; };
		6C509BF41DD13BD500740AF2 /* MainTabBarController.swift in Sources */ = {isa = PBXBuildFile; fileRef = 6C509BE61DD13BD500740AF2 /* MainTabBarController.swift */; };
		6C509BF51DD13BD500740AF2 /* WebViewController.swift in Sources */ = {isa = PBXBuildFile; fileRef = 6C509BE71DD13BD500740AF2 /* WebViewController.swift */; };
		6CA49CB01DB3569900853D00 /* WebImage.framework in Frameworks */ = {isa = PBXBuildFile; fileRef = 6CA49CAF1DB3569900853D00 /* WebImage.framework */; };
		6CA49CB91DB3592A00853D00 /* Alamofire.framework in Frameworks */ = {isa = PBXBuildFile; fileRef = 6CA49CB71DB3592A00853D00 /* Alamofire.framework */; };
		6CA49CBA1DB3592A00853D00 /* SwiftyJSON.framework in Frameworks */ = {isa = PBXBuildFile; fileRef = 6CA49CB81DB3592A00853D00 /* SwiftyJSON.framework */; };
		6CBB0B1A1DB3ACBA007CCC11 /* RxSwift.framework in Frameworks */ = {isa = PBXBuildFile; fileRef = 6CBB0B191DB3ACBA007CCC11 /* RxSwift.framework */; };
/* End PBXBuildFile section */

/* Begin PBXFileReference section */
		52471A8D1CD9AF2E006865C6 /* QiitaPocket.app */ = {isa = PBXFileReference; explicitFileType = wrapper.application; includeInIndex = 0; path = QiitaPocket.app; sourceTree = BUILT_PRODUCTS_DIR; };
		5438C6741E06A15800EBA8FA /* ArticleListViewModel.swift */ = {isa = PBXFileReference; fileEncoding = 4; lastKnownFileType = sourcecode.swift; path = ArticleListViewModel.swift; sourceTree = "<group>"; };
		6C509BD61DD13BD500740AF2 /* APIClient.swift */ = {isa = PBXFileReference; fileEncoding = 4; lastKnownFileType = sourcecode.swift; path = APIClient.swift; sourceTree = "<group>"; };
		6C509BD71DD13BD500740AF2 /* AppDelegate.swift */ = {isa = PBXFileReference; fileEncoding = 4; lastKnownFileType = sourcecode.swift; path = AppDelegate.swift; sourceTree = "<group>"; };
		6C509BD81DD13BD500740AF2 /* Assets.xcassets */ = {isa = PBXFileReference; lastKnownFileType = folder.assetcatalog; path = Assets.xcassets; sourceTree = "<group>"; };
		6C509BDA1DD13BD500740AF2 /* Base */ = {isa = PBXFileReference; lastKnownFileType = file.storyboard; name = Base; path = Base.lproj/LaunchScreen.storyboard; sourceTree = "<group>"; };
		6C509BDC1DD13BD500740AF2 /* Base */ = {isa = PBXFileReference; lastKnownFileType = file.storyboard; name = Base; path = Base.lproj/Main.storyboard; sourceTree = "<group>"; };
		6C509BDD1DD13BD500740AF2 /* Dependencies.swift */ = {isa = PBXFileReference; fileEncoding = 4; lastKnownFileType = sourcecode.swift; path = Dependencies.swift; sourceTree = "<group>"; };
		6C509BDE1DD13BD500740AF2 /* Info.plist */ = {isa = PBXFileReference; fileEncoding = 4; lastKnownFileType = text.plist.xml; path = Info.plist; sourceTree = "<group>"; };
		6C509BE01DD13BD500740AF2 /* Article.swift */ = {isa = PBXFileReference; fileEncoding = 4; lastKnownFileType = sourcecode.swift; path = Article.swift; sourceTree = "<group>"; };
		6C509BE21DD13BD500740AF2 /* ArticleTableViewCell.swift */ = {isa = PBXFileReference; fileEncoding = 4; lastKnownFileType = sourcecode.swift; path = ArticleTableViewCell.swift; sourceTree = "<group>"; };
		6C509BE31DD13BD500740AF2 /* ArticleTableViewCell.xib */ = {isa = PBXFileReference; fileEncoding = 4; lastKnownFileType = file.xib; path = ArticleTableViewCell.xib; sourceTree = "<group>"; };
		6C509BE51DD13BD500740AF2 /* ArticleListViewController.swift */ = {isa = PBXFileReference; fileEncoding = 4; lastKnownFileType = sourcecode.swift; path = ArticleListViewController.swift; sourceTree = "<group>"; };
		6C509BE61DD13BD500740AF2 /* MainTabBarController.swift */ = {isa = PBXFileReference; fileEncoding = 4; lastKnownFileType = sourcecode.swift; path = MainTabBarController.swift; sourceTree = "<group>"; };
		6C509BE71DD13BD500740AF2 /* WebViewController.swift */ = {isa = PBXFileReference; fileEncoding = 4; lastKnownFileType = sourcecode.swift; path = WebViewController.swift; sourceTree = "<group>"; };
		6CA49CAF1DB3569900853D00 /* WebImage.framework */ = {isa = PBXFileReference; lastKnownFileType = wrapper.framework; name = WebImage.framework; path = Carthage/Build/iOS/WebImage.framework; sourceTree = "<group>"; };
		6CA49CB71DB3592A00853D00 /* Alamofire.framework */ = {isa = PBXFileReference; lastKnownFileType = wrapper.framework; name = Alamofire.framework; path = Carthage/Build/iOS/Alamofire.framework; sourceTree = "<group>"; };
		6CA49CB81DB3592A00853D00 /* SwiftyJSON.framework */ = {isa = PBXFileReference; lastKnownFileType = wrapper.framework; name = SwiftyJSON.framework; path = Carthage/Build/iOS/SwiftyJSON.framework; sourceTree = "<group>"; };
		6CBB0B191DB3ACBA007CCC11 /* RxSwift.framework */ = {isa = PBXFileReference; lastKnownFileType = wrapper.framework; name = RxSwift.framework; path = Carthage/Build/iOS/RxSwift.framework; sourceTree = "<group>"; };
/* End PBXFileReference section */

/* Begin PBXFrameworksBuildPhase section */
		52471A8A1CD9AF2E006865C6 /* Frameworks */ = {
			isa = PBXFrameworksBuildPhase;
			buildActionMask = 2147483647;
			files = (
				6CBB0B1A1DB3ACBA007CCC11 /* RxSwift.framework in Frameworks */,
				6CA49CB91DB3592A00853D00 /* Alamofire.framework in Frameworks */,
				6CA49CBA1DB3592A00853D00 /* SwiftyJSON.framework in Frameworks */,
				6CA49CB01DB3569900853D00 /* WebImage.framework in Frameworks */,
			);
			runOnlyForDeploymentPostprocessing = 0;
		};
/* End PBXFrameworksBuildPhase section */

/* Begin PBXGroup section */
		19989F1DB404BCE9479B50AF /* Frameworks */ = {
			isa = PBXGroup;
			children = (
				6CBB0B191DB3ACBA007CCC11 /* RxSwift.framework */,
				6CA49CB71DB3592A00853D00 /* Alamofire.framework */,
				6CA49CB81DB3592A00853D00 /* SwiftyJSON.framework */,
				6CA49CAF1DB3569900853D00 /* WebImage.framework */,
			);
			name = Frameworks;
			sourceTree = "<group>";
		};
		52471A841CD9AF2E006865C6 = {
			isa = PBXGroup;
			children = (
				6C509BD51DD13BD500740AF2 /* QiitaPocket */,
				52471A8E1CD9AF2E006865C6 /* Products */,
				19989F1DB404BCE9479B50AF /* Frameworks */,
			);
			sourceTree = "<group>";
		};
		52471A8E1CD9AF2E006865C6 /* Products */ = {
			isa = PBXGroup;
			children = (
				52471A8D1CD9AF2E006865C6 /* QiitaPocket.app */,
			);
			name = Products;
			sourceTree = "<group>";
		};
		6C509BD51DD13BD500740AF2 /* QiitaPocket */ = {
			isa = PBXGroup;
			children = (
				6C509BD61DD13BD500740AF2 /* APIClient.swift */,
				6C509BD71DD13BD500740AF2 /* AppDelegate.swift */,
				6C509BD81DD13BD500740AF2 /* Assets.xcassets */,
				6C509BD91DD13BD500740AF2 /* LaunchScreen.storyboard */,
				6C509BDB1DD13BD500740AF2 /* Main.storyboard */,
				6C509BDD1DD13BD500740AF2 /* Dependencies.swift */,
				6C509BDE1DD13BD500740AF2 /* Info.plist */,
				6C509BDF1DD13BD500740AF2 /* Model */,
				6C509BE11DD13BD500740AF2 /* View */,
				6C509BE41DD13BD500740AF2 /* ViewController */,
				6C509BE81DD13BD500740AF2 /* ViewModel */,
			);
			path = QiitaPocket;
			sourceTree = "<group>";
		};
		6C509BDF1DD13BD500740AF2 /* Model */ = {
			isa = PBXGroup;
			children = (
				6C509BE01DD13BD500740AF2 /* Article.swift */,
			);
			path = Model;
			sourceTree = "<group>";
		};
		6C509BE11DD13BD500740AF2 /* View */ = {
			isa = PBXGroup;
			children = (
				6C509BE21DD13BD500740AF2 /* ArticleTableViewCell.swift */,
				6C509BE31DD13BD500740AF2 /* ArticleTableViewCell.xib */,
			);
			path = View;
			sourceTree = "<group>";
		};
		6C509BE41DD13BD500740AF2 /* ViewController */ = {
			isa = PBXGroup;
			children = (
				6C509BE51DD13BD500740AF2 /* ArticleListViewController.swift */,
				6C509BE61DD13BD500740AF2 /* MainTabBarController.swift */,
				6C509BE71DD13BD500740AF2 /* WebViewController.swift */,
			);
			path = ViewController;
			sourceTree = "<group>";
		};
		6C509BE81DD13BD500740AF2 /* ViewModel */ = {
			isa = PBXGroup;
			children = (
				5438C6741E06A15800EBA8FA /* ArticleListViewModel.swift */,
			);
			path = ViewModel;
			sourceTree = "<group>";
		};
/* End PBXGroup section */

/* Begin PBXNativeTarget section */
		52471A8C1CD9AF2E006865C6 /* QiitaPocket */ = {
			isa = PBXNativeTarget;
			buildConfigurationList = 52471A9F1CD9AF2F006865C6 /* Build configuration list for PBXNativeTarget "QiitaPocket" */;
			buildPhases = (
				52471A891CD9AF2E006865C6 /* Sources */,
				52471A8A1CD9AF2E006865C6 /* Frameworks */,
				52471A8B1CD9AF2E006865C6 /* Resources */,
				6CA49CBB1DB359A300853D00 /* ShellScript */,
			);
			buildRules = (
			);
			dependencies = (
			);
			name = QiitaPocket;
			productName = qiitareader;
			productReference = 52471A8D1CD9AF2E006865C6 /* QiitaPocket.app */;
			productType = "com.apple.product-type.application";
		};
/* End PBXNativeTarget section */

/* Begin PBXProject section */
		52471A851CD9AF2E006865C6 /* Project object */ = {
			isa = PBXProject;
			attributes = {
				LastSwiftUpdateCheck = 0730;
				LastUpgradeCheck = 0800;
				ORGANIZATIONNAME = hiroshings;
				TargetAttributes = {
					52471A8C1CD9AF2E006865C6 = {
						CreatedOnToolsVersion = 7.3;
						DevelopmentTeam = G6788ACX5G;
						LastSwiftMigration = 0800;
						ProvisioningStyle = Automatic;
					};
				};
			};
			buildConfigurationList = 52471A881CD9AF2E006865C6 /* Build configuration list for PBXProject "QiitaPocket" */;
			compatibilityVersion = "Xcode 3.2";
			developmentRegion = English;
			hasScannedForEncodings = 0;
			knownRegions = (
				en,
				Base,
			);
			mainGroup = 52471A841CD9AF2E006865C6;
			productRefGroup = 52471A8E1CD9AF2E006865C6 /* Products */;
			projectDirPath = "";
			projectRoot = "";
			targets = (
				52471A8C1CD9AF2E006865C6 /* QiitaPocket */,
			);
		};
/* End PBXProject section */

/* Begin PBXResourcesBuildPhase section */
		52471A8B1CD9AF2E006865C6 /* Resources */ = {
			isa = PBXResourcesBuildPhase;
			buildActionMask = 2147483647;
			files = (
				6C509BF21DD13BD500740AF2 /* ArticleTableViewCell.xib in Resources */,
				6C509BED1DD13BD500740AF2 /* Main.storyboard in Resources */,
				6C509BEB1DD13BD500740AF2 /* Assets.xcassets in Resources */,
				6C509BEC1DD13BD500740AF2 /* LaunchScreen.storyboard in Resources */,
			);
			runOnlyForDeploymentPostprocessing = 0;
		};
/* End PBXResourcesBuildPhase section */

/* Begin PBXShellScriptBuildPhase section */
		6CA49CBB1DB359A300853D00 /* ShellScript */ = {
			isa = PBXShellScriptBuildPhase;
			buildActionMask = 2147483647;
			files = (
			);
			inputPaths = (
				"$(SRCROOT)/Carthage/Build/iOS/SwiftyJSON.framework",
				"$(SRCROOT)/Carthage/Build/iOS/WebImage.framework",
				"$(SRCROOT)/Carthage/Build/iOS/RxSwift.framework",
				"$(SRCROOT)/Carthage/Build/iOS/RxCocoa.framework",
				"$(SRCROOT)/Carthage/Build/iOS/Alamofire.framework",
			);
			outputPaths = (
			);
			runOnlyForDeploymentPostprocessing = 0;
			shellPath = /bin/sh;
			shellScript = "/usr/local/bin/carthage copy-frameworks";
		};
/* End PBXShellScriptBuildPhase section */

/* Begin PBXSourcesBuildPhase section */
		52471A891CD9AF2E006865C6 /* Sources */ = {
			isa = PBXSourcesBuildPhase;
			buildActionMask = 2147483647;
			files = (
				6C509BF11DD13BD500740AF2 /* ArticleTableViewCell.swift in Sources */,
				6C509BF01DD13BD500740AF2 /* Article.swift in Sources */,
				6C509BEE1DD13BD500740AF2 /* Dependencies.swift in Sources */,
				6C509BF41DD13BD500740AF2 /* MainTabBarController.swift in Sources */,
				5438C6751E06A15800EBA8FA /* ArticleListViewModel.swift in Sources */,
				6C509BF31DD13BD500740AF2 /* ArticleListViewController.swift in Sources */,
				6C509BEA1DD13BD500740AF2 /* AppDelegate.swift in Sources */,
				6C509BE91DD13BD500740AF2 /* APIClient.swift in Sources */,
				6C509BF51DD13BD500740AF2 /* WebViewController.swift in Sources */,
			);
			runOnlyForDeploymentPostprocessing = 0;
		};
/* End PBXSourcesBuildPhase section */

/* Begin PBXVariantGroup section */
		6C509BD91DD13BD500740AF2 /* LaunchScreen.storyboard */ = {
			isa = PBXVariantGroup;
			children = (
				6C509BDA1DD13BD500740AF2 /* Base */,
			);
			name = LaunchScreen.storyboard;
			sourceTree = "<group>";
		};
		6C509BDB1DD13BD500740AF2 /* Main.storyboard */ = {
			isa = PBXVariantGroup;
			children = (
				6C509BDC1DD13BD500740AF2 /* Base */,
			);
			name = Main.storyboard;
			sourceTree = "<group>";
		};
/* End PBXVariantGroup section */

/* Begin XCBuildConfiguration section */
		52471A9D1CD9AF2F006865C6 /* Debug */ = {
			isa = XCBuildConfiguration;
			buildSettings = {
				ALWAYS_SEARCH_USER_PATHS = NO;
				CLANG_ANALYZER_NONNULL = YES;
				CLANG_CXX_LANGUAGE_STANDARD = "gnu++0x";
				CLANG_CXX_LIBRARY = "libc++";
				CLANG_ENABLE_MODULES = YES;
				CLANG_ENABLE_OBJC_ARC = YES;
				CLANG_WARN_BOOL_CONVERSION = YES;
				CLANG_WARN_CONSTANT_CONVERSION = YES;
				CLANG_WARN_DIRECT_OBJC_ISA_USAGE = YES_ERROR;
				CLANG_WARN_EMPTY_BODY = YES;
				CLANG_WARN_ENUM_CONVERSION = YES;
				CLANG_WARN_INFINITE_RECURSION = YES;
				CLANG_WARN_INT_CONVERSION = YES;
				CLANG_WARN_OBJC_ROOT_CLASS = YES_ERROR;
				CLANG_WARN_SUSPICIOUS_MOVE = YES;
				CLANG_WARN_UNREACHABLE_CODE = YES;
				CLANG_WARN__DUPLICATE_METHOD_MATCH = YES;
				CODE_SIGN_IDENTITY = "iPhone Developer";
				"CODE_SIGN_IDENTITY[sdk=iphoneos*]" = "iPhone Developer";
				COPY_PHASE_STRIP = NO;
				DEBUG_INFORMATION_FORMAT = dwarf;
				ENABLE_BITCODE = YES;
				ENABLE_STRICT_OBJC_MSGSEND = YES;
				ENABLE_TESTABILITY = YES;
				GCC_C_LANGUAGE_STANDARD = gnu99;
				GCC_DYNAMIC_NO_PIC = NO;
				GCC_NO_COMMON_BLOCKS = YES;
				GCC_OPTIMIZATION_LEVEL = 0;
				GCC_PREPROCESSOR_DEFINITIONS = (
					"DEBUG=1",
					"$(inherited)",
				);
				GCC_WARN_64_TO_32_BIT_CONVERSION = YES;
				GCC_WARN_ABOUT_RETURN_TYPE = YES_ERROR;
				GCC_WARN_UNDECLARED_SELECTOR = YES;
				GCC_WARN_UNINITIALIZED_AUTOS = YES_AGGRESSIVE;
				GCC_WARN_UNUSED_FUNCTION = YES;
				GCC_WARN_UNUSED_VARIABLE = YES;
				IPHONEOS_DEPLOYMENT_TARGET = 10.1;
				MTL_ENABLE_DEBUG_INFO = YES;
				ONLY_ACTIVE_ARCH = YES;
				SDKROOT = iphoneos;
				SWIFT_OPTIMIZATION_LEVEL = "-Onone";
			};
			name = Debug;
		};
		52471A9E1CD9AF2F006865C6 /* Release */ = {
			isa = XCBuildConfiguration;
			buildSettings = {
				ALWAYS_SEARCH_USER_PATHS = NO;
				CLANG_ANALYZER_NONNULL = YES;
				CLANG_CXX_LANGUAGE_STANDARD = "gnu++0x";
				CLANG_CXX_LIBRARY = "libc++";
				CLANG_ENABLE_MODULES = YES;
				CLANG_ENABLE_OBJC_ARC = YES;
				CLANG_WARN_BOOL_CONVERSION = YES;
				CLANG_WARN_CONSTANT_CONVERSION = YES;
				CLANG_WARN_DIRECT_OBJC_ISA_USAGE = YES_ERROR;
				CLANG_WARN_EMPTY_BODY = YES;
				CLANG_WARN_ENUM_CONVERSION = YES;
				CLANG_WARN_INFINITE_RECURSION = YES;
				CLANG_WARN_INT_CONVERSION = YES;
				CLANG_WARN_OBJC_ROOT_CLASS = YES_ERROR;
				CLANG_WARN_SUSPICIOUS_MOVE = YES;
				CLANG_WARN_UNREACHABLE_CODE = YES;
				CLANG_WARN__DUPLICATE_METHOD_MATCH = YES;
				"CODE_SIGN_IDENTITY[sdk=iphoneos*]" = "iPhone Developer";
				COPY_PHASE_STRIP = NO;
				DEBUG_INFORMATION_FORMAT = "dwarf-with-dsym";
				ENABLE_BITCODE = YES;
				ENABLE_NS_ASSERTIONS = NO;
				ENABLE_STRICT_OBJC_MSGSEND = YES;
				GCC_C_LANGUAGE_STANDARD = gnu99;
				GCC_NO_COMMON_BLOCKS = YES;
				GCC_WARN_64_TO_32_BIT_CONVERSION = YES;
				GCC_WARN_ABOUT_RETURN_TYPE = YES_ERROR;
				GCC_WARN_UNDECLARED_SELECTOR = YES;
				GCC_WARN_UNINITIALIZED_AUTOS = YES_AGGRESSIVE;
				GCC_WARN_UNUSED_FUNCTION = YES;
				GCC_WARN_UNUSED_VARIABLE = YES;
				IPHONEOS_DEPLOYMENT_TARGET = 10.1;
				MTL_ENABLE_DEBUG_INFO = NO;
				SDKROOT = iphoneos;
				SWIFT_OPTIMIZATION_LEVEL = "-Owholemodule";
				VALIDATE_PRODUCT = YES;
			};
			name = Release;
		};
		52471AA01CD9AF2F006865C6 /* Debug */ = {
			isa = XCBuildConfiguration;
			buildSettings = {
				ASSETCATALOG_COMPILER_APPICON_NAME = AppIcon;
				CODE_SIGN_IDENTITY = "iPhone Developer";
				"CODE_SIGN_IDENTITY[sdk=iphoneos*]" = "iPhone Developer";
				DEVELOPMENT_TEAM = G6788ACX5G;
				ENABLE_BITCODE = YES;
				FRAMEWORK_SEARCH_PATHS = (
					"$(inherited)",
					"$(PROJECT_DIR)/Carthage/Build/iOS",
				);
				INFOPLIST_FILE = "$(SRCROOT)/QiitaPocket/Info.plist";
				IPHONEOS_DEPLOYMENT_TARGET = 10.1;
				LD_RUNPATH_SEARCH_PATHS = "$(inherited) @executable_path/Frameworks";
				ONLY_ACTIVE_ARCH = YES;
				PRODUCT_BUNDLE_IDENTIFIER = hirothings.QiitaPocket;
				PRODUCT_NAME = "$(TARGET_NAME)";
				PROVISIONING_PROFILE = "";
				PROVISIONING_PROFILE_SPECIFIER = "";
				SWIFT_VERSION = 3.0;
			};
			name = Debug;
		};
		52471AA11CD9AF2F006865C6 /* Release */ = {
			isa = XCBuildConfiguration;
			buildSettings = {
				ASSETCATALOG_COMPILER_APPICON_NAME = AppIcon;
				CODE_SIGN_IDENTITY = "iPhone Distribution";
				"CODE_SIGN_IDENTITY[sdk=iphoneos*]" = "iPhone Developer";
				DEVELOPMENT_TEAM = G6788ACX5G;
				ENABLE_BITCODE = YES;
				FRAMEWORK_SEARCH_PATHS = (
					"$(inherited)",
					"$(PROJECT_DIR)/Carthage/Build/iOS",
				);
				INFOPLIST_FILE = "$(SRCROOT)/QiitaPocket/Info.plist";
				IPHONEOS_DEPLOYMENT_TARGET = 10.1;
				LD_RUNPATH_SEARCH_PATHS = "$(inherited) @executable_path/Frameworks";
				ONLY_ACTIVE_ARCH = YES;
				PRODUCT_BUNDLE_IDENTIFIER = hirothings.QiitaPocket;
				PRODUCT_NAME = "$(TARGET_NAME)";
				PROVISIONING_PROFILE = "";
				PROVISIONING_PROFILE_SPECIFIER = "";
				SWIFT_VERSION = 3.0;
			};
			name = Release;
		};
/* End XCBuildConfiguration section */

/* Begin XCConfigurationList section */
		52471A881CD9AF2E006865C6 /* Build configuration list for PBXProject "QiitaPocket" */ = {
			isa = XCConfigurationList;
			buildConfigurations = (
				52471A9D1CD9AF2F006865C6 /* Debug */,
				52471A9E1CD9AF2F006865C6 /* Release */,
			);
			defaultConfigurationIsVisible = 0;
			defaultConfigurationName = Release;
		};
		52471A9F1CD9AF2F006865C6 /* Build configuration list for PBXNativeTarget "QiitaPocket" */ = {
			isa = XCConfigurationList;
			buildConfigurations = (
				52471AA01CD9AF2F006865C6 /* Debug */,
				52471AA11CD9AF2F006865C6 /* Release */,
			);
			defaultConfigurationIsVisible = 0;
			defaultConfigurationName = Release;
		};
/* End XCConfigurationList section */
	};
	rootObject = 52471A851CD9AF2E006865C6 /* Project object */;
}
